// !$*UTF8*$!
{
	archiveVersion = 1;
	classes = {
	};
	objectVersion = 55;
	objects = {

/* Begin PBXBuildFile section */
		74B4B91B40E80E30D31E4BD9 /* Pods_PeerBucket.framework in Frameworks */ = {isa = PBXBuildFile; fileRef = 9B2CAF8144FA3E1DB2655F7F /* Pods_PeerBucket.framework */; };
		AC21CEA7285B2EEB00157B4D /* BucketDetailTableViewCell.swift in Sources */ = {isa = PBXBuildFile; fileRef = AC21CEA6285B2EEB00157B4D /* BucketDetailTableViewCell.swift */; };
		AC72A0CB285984CB007FC767 /* AppDelegate.swift in Sources */ = {isa = PBXBuildFile; fileRef = AC72A0CA285984CB007FC767 /* AppDelegate.swift */; };
		AC72A0CD285984CB007FC767 /* SceneDelegate.swift in Sources */ = {isa = PBXBuildFile; fileRef = AC72A0CC285984CB007FC767 /* SceneDelegate.swift */; };
		AC72A0CF285984CB007FC767 /* ExploreViewController.swift in Sources */ = {isa = PBXBuildFile; fileRef = AC72A0CE285984CB007FC767 /* ExploreViewController.swift */; };
		AC72A0D2285984CB007FC767 /* Main.storyboard in Resources */ = {isa = PBXBuildFile; fileRef = AC72A0D0285984CB007FC767 /* Main.storyboard */; };
		AC72A0D5285984CB007FC767 /* PeerBucket.xcdatamodeld in Sources */ = {isa = PBXBuildFile; fileRef = AC72A0D3285984CB007FC767 /* PeerBucket.xcdatamodeld */; };
		AC72A0D7285984CC007FC767 /* Assets.xcassets in Resources */ = {isa = PBXBuildFile; fileRef = AC72A0D6285984CC007FC767 /* Assets.xcassets */; };
		AC72A0DA285984CC007FC767 /* LaunchScreen.storyboard in Resources */ = {isa = PBXBuildFile; fileRef = AC72A0D8285984CC007FC767 /* LaunchScreen.storyboard */; };
		AC72A0E328598998007FC767 /* UIViewExtension.swift in Sources */ = {isa = PBXBuildFile; fileRef = AC72A0E228598998007FC767 /* UIViewExtension.swift */; };
		AC72A0E5285989EE007FC767 /* ExploreDataModal.swift in Sources */ = {isa = PBXBuildFile; fileRef = AC72A0E4285989EE007FC767 /* ExploreDataModal.swift */; };
		AC72A0ED28599135007FC767 /* ExploreCollectionViewCell.swift in Sources */ = {isa = PBXBuildFile; fileRef = AC72A0EC28599135007FC767 /* ExploreCollectionViewCell.swift */; };
		AC72A0EF2859918C007FC767 /* ChallengeCollectionViewCell.swift in Sources */ = {isa = PBXBuildFile; fileRef = AC72A0EE2859918C007FC767 /* ChallengeCollectionViewCell.swift */; };
		AC72A0F1285991D3007FC767 /* ExploreHeaderView.swift in Sources */ = {isa = PBXBuildFile; fileRef = AC72A0F0285991D3007FC767 /* ExploreHeaderView.swift */; };
		AC72A0F3285991FC007FC767 /* ChallengeHeaderView.swift in Sources */ = {isa = PBXBuildFile; fileRef = AC72A0F2285991FC007FC767 /* ChallengeHeaderView.swift */; };
		AC72A0F52859AF8B007FC767 /* UIColorExtension.swift in Sources */ = {isa = PBXBuildFile; fileRef = AC72A0F42859AF8B007FC767 /* UIColorExtension.swift */; };
		AC72A0F72859B54F007FC767 /* ExploreDetailViewController.swift in Sources */ = {isa = PBXBuildFile; fileRef = AC72A0F62859B54F007FC767 /* ExploreDetailViewController.swift */; };
		AC72A0F92859C03A007FC767 /* ExploreDetailTableViewCell.swift in Sources */ = {isa = PBXBuildFile; fileRef = AC72A0F82859C03A007FC767 /* ExploreDetailTableViewCell.swift */; };
		AC72A0FB285A1057007FC767 /* AddToBucketViewController.swift in Sources */ = {isa = PBXBuildFile; fileRef = AC72A0FA285A1057007FC767 /* AddToBucketViewController.swift */; };
		AC72A0FD285A1452007FC767 /* AddToBucketCollectionViewCell.swift in Sources */ = {isa = PBXBuildFile; fileRef = AC72A0FC285A1451007FC767 /* AddToBucketCollectionViewCell.swift */; };
		AC72A100285AC20C007FC767 /* BucketListManager.swift in Sources */ = {isa = PBXBuildFile; fileRef = AC72A0FF285AC20C007FC767 /* BucketListManager.swift */; };
		AC72A102285AC2C0007FC767 /* FirebaseDataModal.swift in Sources */ = {isa = PBXBuildFile; fileRef = AC72A101285AC2C0007FC767 /* FirebaseDataModal.swift */; };
		AC72A104285AC389007FC767 /* BucketListViewController.swift in Sources */ = {isa = PBXBuildFile; fileRef = AC72A103285AC389007FC767 /* BucketListViewController.swift */; };
		AC72A106285AC4FD007FC767 /* BucketListCollectionViewCell.swift in Sources */ = {isa = PBXBuildFile; fileRef = AC72A105285AC4FD007FC767 /* BucketListCollectionViewCell.swift */; };
		ACC3D26D285AD66900676F46 /* GoogleService-Info.plist in Resources */ = {isa = PBXBuildFile; fileRef = ACC3D26C285AD66900676F46 /* GoogleService-Info.plist */; };
		ACC3D26F285ADED400676F46 /* BucketDetailViewController.swift in Sources */ = {isa = PBXBuildFile; fileRef = ACC3D26E285ADED400676F46 /* BucketDetailViewController.swift */; };
		ACC3D271285ADF7300676F46 /* AddNewBucketViewController.swift in Sources */ = {isa = PBXBuildFile; fileRef = ACC3D270285ADF7300676F46 /* AddNewBucketViewController.swift */; };
		ACC3D273285B0EFA00676F46 /* DateHelper.swift in Sources */ = {isa = PBXBuildFile; fileRef = ACC3D272285B0EFA00676F46 /* DateHelper.swift */; };
/* End PBXBuildFile section */

/* Begin PBXFileReference section */
		6870EF865073BC240D7C9165 /* Pods-PeerBucket.release.xcconfig */ = {isa = PBXFileReference; includeInIndex = 1; lastKnownFileType = text.xcconfig; name = "Pods-PeerBucket.release.xcconfig"; path = "Target Support Files/Pods-PeerBucket/Pods-PeerBucket.release.xcconfig"; sourceTree = "<group>"; };
		9B2CAF8144FA3E1DB2655F7F /* Pods_PeerBucket.framework */ = {isa = PBXFileReference; explicitFileType = wrapper.framework; includeInIndex = 0; path = Pods_PeerBucket.framework; sourceTree = BUILT_PRODUCTS_DIR; };
		AC21CEA6285B2EEB00157B4D /* BucketDetailTableViewCell.swift */ = {isa = PBXFileReference; lastKnownFileType = sourcecode.swift; path = BucketDetailTableViewCell.swift; sourceTree = "<group>"; };
		AC72A0C7285984CB007FC767 /* PeerBucket.app */ = {isa = PBXFileReference; explicitFileType = wrapper.application; includeInIndex = 0; path = PeerBucket.app; sourceTree = BUILT_PRODUCTS_DIR; };
		AC72A0CA285984CB007FC767 /* AppDelegate.swift */ = {isa = PBXFileReference; lastKnownFileType = sourcecode.swift; path = AppDelegate.swift; sourceTree = "<group>"; };
		AC72A0CC285984CB007FC767 /* SceneDelegate.swift */ = {isa = PBXFileReference; lastKnownFileType = sourcecode.swift; path = SceneDelegate.swift; sourceTree = "<group>"; };
		AC72A0CE285984CB007FC767 /* ExploreViewController.swift */ = {isa = PBXFileReference; lastKnownFileType = sourcecode.swift; path = ExploreViewController.swift; sourceTree = "<group>"; };
		AC72A0D1285984CB007FC767 /* Base */ = {isa = PBXFileReference; lastKnownFileType = file.storyboard; name = Base; path = Base.lproj/Main.storyboard; sourceTree = "<group>"; };
		AC72A0D4285984CB007FC767 /* PeerBucket.xcdatamodel */ = {isa = PBXFileReference; lastKnownFileType = wrapper.xcdatamodel; path = PeerBucket.xcdatamodel; sourceTree = "<group>"; };
		AC72A0D6285984CC007FC767 /* Assets.xcassets */ = {isa = PBXFileReference; lastKnownFileType = folder.assetcatalog; path = Assets.xcassets; sourceTree = "<group>"; };
		AC72A0D9285984CC007FC767 /* Base */ = {isa = PBXFileReference; lastKnownFileType = file.storyboard; name = Base; path = Base.lproj/LaunchScreen.storyboard; sourceTree = "<group>"; };
		AC72A0DB285984CC007FC767 /* Info.plist */ = {isa = PBXFileReference; lastKnownFileType = text.plist.xml; path = Info.plist; sourceTree = "<group>"; };
		AC72A0E228598998007FC767 /* UIViewExtension.swift */ = {isa = PBXFileReference; lastKnownFileType = sourcecode.swift; path = UIViewExtension.swift; sourceTree = "<group>"; };
		AC72A0E4285989EE007FC767 /* ExploreDataModal.swift */ = {isa = PBXFileReference; lastKnownFileType = sourcecode.swift; path = ExploreDataModal.swift; sourceTree = "<group>"; };
		AC72A0EC28599135007FC767 /* ExploreCollectionViewCell.swift */ = {isa = PBXFileReference; lastKnownFileType = sourcecode.swift; path = ExploreCollectionViewCell.swift; sourceTree = "<group>"; };
		AC72A0EE2859918C007FC767 /* ChallengeCollectionViewCell.swift */ = {isa = PBXFileReference; lastKnownFileType = sourcecode.swift; path = ChallengeCollectionViewCell.swift; sourceTree = "<group>"; };
		AC72A0F0285991D3007FC767 /* ExploreHeaderView.swift */ = {isa = PBXFileReference; lastKnownFileType = sourcecode.swift; path = ExploreHeaderView.swift; sourceTree = "<group>"; };
		AC72A0F2285991FC007FC767 /* ChallengeHeaderView.swift */ = {isa = PBXFileReference; lastKnownFileType = sourcecode.swift; path = ChallengeHeaderView.swift; sourceTree = "<group>"; };
		AC72A0F42859AF8B007FC767 /* UIColorExtension.swift */ = {isa = PBXFileReference; lastKnownFileType = sourcecode.swift; path = UIColorExtension.swift; sourceTree = "<group>"; };
		AC72A0F62859B54F007FC767 /* ExploreDetailViewController.swift */ = {isa = PBXFileReference; lastKnownFileType = sourcecode.swift; path = ExploreDetailViewController.swift; sourceTree = "<group>"; };
		AC72A0F82859C03A007FC767 /* ExploreDetailTableViewCell.swift */ = {isa = PBXFileReference; lastKnownFileType = sourcecode.swift; path = ExploreDetailTableViewCell.swift; sourceTree = "<group>"; };
		AC72A0FA285A1057007FC767 /* AddToBucketViewController.swift */ = {isa = PBXFileReference; lastKnownFileType = sourcecode.swift; path = AddToBucketViewController.swift; sourceTree = "<group>"; };
		AC72A0FC285A1451007FC767 /* AddToBucketCollectionViewCell.swift */ = {isa = PBXFileReference; lastKnownFileType = sourcecode.swift; path = AddToBucketCollectionViewCell.swift; sourceTree = "<group>"; };
		AC72A0FF285AC20C007FC767 /* BucketListManager.swift */ = {isa = PBXFileReference; lastKnownFileType = sourcecode.swift; path = BucketListManager.swift; sourceTree = "<group>"; };
		AC72A101285AC2C0007FC767 /* FirebaseDataModal.swift */ = {isa = PBXFileReference; lastKnownFileType = sourcecode.swift; path = FirebaseDataModal.swift; sourceTree = "<group>"; };
		AC72A103285AC389007FC767 /* BucketListViewController.swift */ = {isa = PBXFileReference; lastKnownFileType = sourcecode.swift; path = BucketListViewController.swift; sourceTree = "<group>"; };
		AC72A105285AC4FD007FC767 /* BucketListCollectionViewCell.swift */ = {isa = PBXFileReference; lastKnownFileType = sourcecode.swift; path = BucketListCollectionViewCell.swift; sourceTree = "<group>"; };
		ACC3D26C285AD66900676F46 /* GoogleService-Info.plist */ = {isa = PBXFileReference; fileEncoding = 4; lastKnownFileType = text.plist.xml; path = "GoogleService-Info.plist"; sourceTree = "<group>"; };
		ACC3D26E285ADED400676F46 /* BucketDetailViewController.swift */ = {isa = PBXFileReference; lastKnownFileType = sourcecode.swift; path = BucketDetailViewController.swift; sourceTree = "<group>"; };
		ACC3D270285ADF7300676F46 /* AddNewBucketViewController.swift */ = {isa = PBXFileReference; lastKnownFileType = sourcecode.swift; path = AddNewBucketViewController.swift; sourceTree = "<group>"; };
		ACC3D272285B0EFA00676F46 /* DateHelper.swift */ = {isa = PBXFileReference; lastKnownFileType = sourcecode.swift; path = DateHelper.swift; sourceTree = "<group>"; };
		F1B5692D855830D747F29104 /* Pods-PeerBucket.debug.xcconfig */ = {isa = PBXFileReference; includeInIndex = 1; lastKnownFileType = text.xcconfig; name = "Pods-PeerBucket.debug.xcconfig"; path = "Target Support Files/Pods-PeerBucket/Pods-PeerBucket.debug.xcconfig"; sourceTree = "<group>"; };
/* End PBXFileReference section */

/* Begin PBXFrameworksBuildPhase section */
		AC72A0C4285984CB007FC767 /* Frameworks */ = {
			isa = PBXFrameworksBuildPhase;
			buildActionMask = 2147483647;
			files = (
				74B4B91B40E80E30D31E4BD9 /* Pods_PeerBucket.framework in Frameworks */,
			);
			runOnlyForDeploymentPostprocessing = 0;
		};
/* End PBXFrameworksBuildPhase section */

/* Begin PBXGroup section */
		2F38F1B8333B2EF46986E455 /* Pods */ = {
			isa = PBXGroup;
			children = (
				F1B5692D855830D747F29104 /* Pods-PeerBucket.debug.xcconfig */,
				6870EF865073BC240D7C9165 /* Pods-PeerBucket.release.xcconfig */,
			);
			path = Pods;
			sourceTree = "<group>";
		};
		AC72A0BE285984CB007FC767 = {
			isa = PBXGroup;
			children = (
				AC72A0C9285984CB007FC767 /* PeerBucket */,
				AC72A0C8285984CB007FC767 /* Products */,
				2F38F1B8333B2EF46986E455 /* Pods */,
				D13C32911BF3BB95CC277E6A /* Frameworks */,
			);
			sourceTree = "<group>";
		};
		AC72A0C8285984CB007FC767 /* Products */ = {
			isa = PBXGroup;
			children = (
				AC72A0C7285984CB007FC767 /* PeerBucket.app */,
			);
			name = Products;
			sourceTree = "<group>";
		};
		AC72A0C9285984CB007FC767 /* PeerBucket */ = {
			isa = PBXGroup;
			children = (
				AC72A0EA28598A38007FC767 /* View */,
				AC72A0E928598A23007FC767 /* Extension */,
				AC72A0E828598A0E007FC767 /* Controller */,
				AC72A0E6285989F4007FC767 /* Modal */,
				AC72A0EB28598A4E007FC767 /* Resource */,
				AC72A0D6285984CC007FC767 /* Assets.xcassets */,
				AC72A0D0285984CB007FC767 /* Main.storyboard */,
				AC72A0D8285984CC007FC767 /* LaunchScreen.storyboard */,
				AC72A0DB285984CC007FC767 /* Info.plist */,
				AC72A0D3285984CB007FC767 /* PeerBucket.xcdatamodeld */,
			);
			path = PeerBucket;
			sourceTree = "<group>";
		};
		AC72A0E6285989F4007FC767 /* Modal */ = {
			isa = PBXGroup;
			children = (
				AC72A0E4285989EE007FC767 /* ExploreDataModal.swift */,
				AC72A0FF285AC20C007FC767 /* BucketListManager.swift */,
				AC72A101285AC2C0007FC767 /* FirebaseDataModal.swift */,
			);
			path = Modal;
			sourceTree = "<group>";
		};
		AC72A0E828598A0E007FC767 /* Controller */ = {
			isa = PBXGroup;
			children = (
				AC72A0CE285984CB007FC767 /* ExploreViewController.swift */,
				AC72A0F62859B54F007FC767 /* ExploreDetailViewController.swift */,
				AC72A0FA285A1057007FC767 /* AddToBucketViewController.swift */,
				AC72A103285AC389007FC767 /* BucketListViewController.swift */,
				ACC3D26E285ADED400676F46 /* BucketDetailViewController.swift */,
				ACC3D270285ADF7300676F46 /* AddNewBucketViewController.swift */,
			);
			path = Controller;
			sourceTree = "<group>";
		};
		AC72A0E928598A23007FC767 /* Extension */ = {
			isa = PBXGroup;
			children = (
				AC72A0E228598998007FC767 /* UIViewExtension.swift */,
				AC72A0F42859AF8B007FC767 /* UIColorExtension.swift */,
				ACC3D272285B0EFA00676F46 /* DateHelper.swift */,
			);
			path = Extension;
			sourceTree = "<group>";
		};
		AC72A0EA28598A38007FC767 /* View */ = {
			isa = PBXGroup;
			children = (
				AC72A0FE285A2F45007FC767 /* ExplorePage */,
				AC72A105285AC4FD007FC767 /* BucketListCollectionViewCell.swift */,
				AC21CEA6285B2EEB00157B4D /* BucketDetailTableViewCell.swift */,
			);
			path = View;
			sourceTree = "<group>";
		};
		AC72A0EB28598A4E007FC767 /* Resource */ = {
			isa = PBXGroup;
			children = (
				AC72A0CA285984CB007FC767 /* AppDelegate.swift */,
				AC72A0CC285984CB007FC767 /* SceneDelegate.swift */,
				ACC3D26C285AD66900676F46 /* GoogleService-Info.plist */,
			);
			path = Resource;
			sourceTree = "<group>";
		};
		AC72A0FE285A2F45007FC767 /* ExplorePage */ = {
			isa = PBXGroup;
			children = (
				AC72A0EC28599135007FC767 /* ExploreCollectionViewCell.swift */,
				AC72A0EE2859918C007FC767 /* ChallengeCollectionViewCell.swift */,
				AC72A0F0285991D3007FC767 /* ExploreHeaderView.swift */,
				AC72A0F2285991FC007FC767 /* ChallengeHeaderView.swift */,
				AC72A0F82859C03A007FC767 /* ExploreDetailTableViewCell.swift */,
				AC72A0FC285A1451007FC767 /* AddToBucketCollectionViewCell.swift */,
			);
			path = ExplorePage;
			sourceTree = "<group>";
		};
		D13C32911BF3BB95CC277E6A /* Frameworks */ = {
			isa = PBXGroup;
			children = (
				9B2CAF8144FA3E1DB2655F7F /* Pods_PeerBucket.framework */,
			);
			name = Frameworks;
			sourceTree = "<group>";
		};
/* End PBXGroup section */

/* Begin PBXNativeTarget section */
		AC72A0C6285984CB007FC767 /* PeerBucket */ = {
			isa = PBXNativeTarget;
			buildConfigurationList = AC72A0DE285984CC007FC767 /* Build configuration list for PBXNativeTarget "PeerBucket" */;
			buildPhases = (
				AC72A0E1285987F9007FC767 /* Run SwiftLint */,
				98AFE2F2D60F32B4A0A4BC90 /* [CP] Check Pods Manifest.lock */,
				AC72A0C3285984CB007FC767 /* Sources */,
				AC72A0C4285984CB007FC767 /* Frameworks */,
				AC72A0C5285984CB007FC767 /* Resources */,
				FEFC87F9F31419D0A173444F /* [CP] Embed Pods Frameworks */,
			);
			buildRules = (
			);
			dependencies = (
			);
			name = PeerBucket;
			productName = PeerBucket;
			productReference = AC72A0C7285984CB007FC767 /* PeerBucket.app */;
			productType = "com.apple.product-type.application";
		};
/* End PBXNativeTarget section */

/* Begin PBXProject section */
		AC72A0BF285984CB007FC767 /* Project object */ = {
			isa = PBXProject;
			attributes = {
				BuildIndependentTargetsInParallel = 1;
				LastSwiftUpdateCheck = 1330;
				LastUpgradeCheck = 1330;
				TargetAttributes = {
					AC72A0C6285984CB007FC767 = {
						CreatedOnToolsVersion = 13.3;
					};
				};
			};
			buildConfigurationList = AC72A0C2285984CB007FC767 /* Build configuration list for PBXProject "PeerBucket" */;
			compatibilityVersion = "Xcode 13.0";
			developmentRegion = en;
			hasScannedForEncodings = 0;
			knownRegions = (
				en,
				Base,
			);
			mainGroup = AC72A0BE285984CB007FC767;
			productRefGroup = AC72A0C8285984CB007FC767 /* Products */;
			projectDirPath = "";
			projectRoot = "";
			targets = (
				AC72A0C6285984CB007FC767 /* PeerBucket */,
			);
		};
/* End PBXProject section */

/* Begin PBXResourcesBuildPhase section */
		AC72A0C5285984CB007FC767 /* Resources */ = {
			isa = PBXResourcesBuildPhase;
			buildActionMask = 2147483647;
			files = (
				AC72A0DA285984CC007FC767 /* LaunchScreen.storyboard in Resources */,
				ACC3D26D285AD66900676F46 /* GoogleService-Info.plist in Resources */,
				AC72A0D7285984CC007FC767 /* Assets.xcassets in Resources */,
				AC72A0D2285984CB007FC767 /* Main.storyboard in Resources */,
			);
			runOnlyForDeploymentPostprocessing = 0;
		};
/* End PBXResourcesBuildPhase section */

/* Begin PBXShellScriptBuildPhase section */
		98AFE2F2D60F32B4A0A4BC90 /* [CP] Check Pods Manifest.lock */ = {
			isa = PBXShellScriptBuildPhase;
			buildActionMask = 2147483647;
			files = (
			);
			inputFileListPaths = (
			);
			inputPaths = (
				"${PODS_PODFILE_DIR_PATH}/Podfile.lock",
				"${PODS_ROOT}/Manifest.lock",
			);
			name = "[CP] Check Pods Manifest.lock";
			outputFileListPaths = (
			);
			outputPaths = (
				"$(DERIVED_FILE_DIR)/Pods-PeerBucket-checkManifestLockResult.txt",
			);
			runOnlyForDeploymentPostprocessing = 0;
			shellPath = /bin/sh;
			shellScript = "diff \"${PODS_PODFILE_DIR_PATH}/Podfile.lock\" \"${PODS_ROOT}/Manifest.lock\" > /dev/null\nif [ $? != 0 ] ; then\n    # print error to STDERR\n    echo \"error: The sandbox is not in sync with the Podfile.lock. Run 'pod install' or update your CocoaPods installation.\" >&2\n    exit 1\nfi\n# This output is used by Xcode 'outputs' to avoid re-running this script phase.\necho \"SUCCESS\" > \"${SCRIPT_OUTPUT_FILE_0}\"\n";
			showEnvVarsInLog = 0;
		};
		AC72A0E1285987F9007FC767 /* Run SwiftLint */ = {
			isa = PBXShellScriptBuildPhase;
			buildActionMask = 2147483647;
			files = (
			);
			inputFileListPaths = (
			);
			inputPaths = (
			);
			name = "Run SwiftLint";
			outputFileListPaths = (
			);
			outputPaths = (
			);
			runOnlyForDeploymentPostprocessing = 0;
			shellPath = /bin/sh;
			shellScript = "\"${PODS_ROOT}/SwiftLint/swiftlint\"\n";
		};
		FEFC87F9F31419D0A173444F /* [CP] Embed Pods Frameworks */ = {
			isa = PBXShellScriptBuildPhase;
			buildActionMask = 2147483647;
			files = (
			);
			inputFileListPaths = (
				"${PODS_ROOT}/Target Support Files/Pods-PeerBucket/Pods-PeerBucket-frameworks-${CONFIGURATION}-input-files.xcfilelist",
			);
			name = "[CP] Embed Pods Frameworks";
			outputFileListPaths = (
				"${PODS_ROOT}/Target Support Files/Pods-PeerBucket/Pods-PeerBucket-frameworks-${CONFIGURATION}-output-files.xcfilelist",
			);
			runOnlyForDeploymentPostprocessing = 0;
			shellPath = /bin/sh;
			shellScript = "\"${PODS_ROOT}/Target Support Files/Pods-PeerBucket/Pods-PeerBucket-frameworks.sh\"\n";
			showEnvVarsInLog = 0;
		};
/* End PBXShellScriptBuildPhase section */

/* Begin PBXSourcesBuildPhase section */
		AC72A0C3285984CB007FC767 /* Sources */ = {
			isa = PBXSourcesBuildPhase;
			buildActionMask = 2147483647;
			files = (
				ACC3D271285ADF7300676F46 /* AddNewBucketViewController.swift in Sources */,
				AC72A0E328598998007FC767 /* UIViewExtension.swift in Sources */,
				AC72A0F1285991D3007FC767 /* ExploreHeaderView.swift in Sources */,
				AC72A0ED28599135007FC767 /* ExploreCollectionViewCell.swift in Sources */,
				AC72A0F3285991FC007FC767 /* ChallengeHeaderView.swift in Sources */,
				AC72A0EF2859918C007FC767 /* ChallengeCollectionViewCell.swift in Sources */,
				AC72A0CF285984CB007FC767 /* ExploreViewController.swift in Sources */,
				AC72A0D5285984CB007FC767 /* PeerBucket.xcdatamodeld in Sources */,
				AC72A100285AC20C007FC767 /* BucketListManager.swift in Sources */,
				ACC3D273285B0EFA00676F46 /* DateHelper.swift in Sources */,
				AC21CEA7285B2EEB00157B4D /* BucketDetailTableViewCell.swift in Sources */,
				AC72A0FD285A1452007FC767 /* AddToBucketCollectionViewCell.swift in Sources */,
				AC72A0F92859C03A007FC767 /* ExploreDetailTableViewCell.swift in Sources */,
				ACC3D26F285ADED400676F46 /* BucketDetailViewController.swift in Sources */,
				AC72A104285AC389007FC767 /* BucketListViewController.swift in Sources */,
				AC72A106285AC4FD007FC767 /* BucketListCollectionViewCell.swift in Sources */,
				AC72A0F72859B54F007FC767 /* ExploreDetailViewController.swift in Sources */,
				AC72A0CB285984CB007FC767 /* AppDelegate.swift in Sources */,
				AC72A0F52859AF8B007FC767 /* UIColorExtension.swift in Sources */,
				AC72A0FB285A1057007FC767 /* AddToBucketViewController.swift in Sources */,
				AC72A0CD285984CB007FC767 /* SceneDelegate.swift in Sources */,
				AC72A0E5285989EE007FC767 /* ExploreDataModal.swift in Sources */,
				AC72A102285AC2C0007FC767 /* FirebaseDataModal.swift in Sources */,
			);
			runOnlyForDeploymentPostprocessing = 0;
		};
/* End PBXSourcesBuildPhase section */

/* Begin PBXVariantGroup section */
		AC72A0D0285984CB007FC767 /* Main.storyboard */ = {
			isa = PBXVariantGroup;
			children = (
				AC72A0D1285984CB007FC767 /* Base */,
			);
			name = Main.storyboard;
			sourceTree = "<group>";
		};
		AC72A0D8285984CC007FC767 /* LaunchScreen.storyboard */ = {
			isa = PBXVariantGroup;
			children = (
				AC72A0D9285984CC007FC767 /* Base */,
			);
			name = LaunchScreen.storyboard;
			sourceTree = "<group>";
		};
/* End PBXVariantGroup section */

/* Begin XCBuildConfiguration section */
		AC72A0DC285984CC007FC767 /* Debug */ = {
			isa = XCBuildConfiguration;
			buildSettings = {
				ALWAYS_SEARCH_USER_PATHS = NO;
				CLANG_ANALYZER_NONNULL = YES;
				CLANG_ANALYZER_NUMBER_OBJECT_CONVERSION = YES_AGGRESSIVE;
				CLANG_CXX_LANGUAGE_STANDARD = "gnu++17";
				CLANG_ENABLE_MODULES = YES;
				CLANG_ENABLE_OBJC_ARC = YES;
				CLANG_ENABLE_OBJC_WEAK = YES;
				CLANG_WARN_BLOCK_CAPTURE_AUTORELEASING = YES;
				CLANG_WARN_BOOL_CONVERSION = YES;
				CLANG_WARN_COMMA = YES;
				CLANG_WARN_CONSTANT_CONVERSION = YES;
				CLANG_WARN_DEPRECATED_OBJC_IMPLEMENTATIONS = YES;
				CLANG_WARN_DIRECT_OBJC_ISA_USAGE = YES_ERROR;
				CLANG_WARN_DOCUMENTATION_COMMENTS = YES;
				CLANG_WARN_EMPTY_BODY = YES;
				CLANG_WARN_ENUM_CONVERSION = YES;
				CLANG_WARN_INFINITE_RECURSION = YES;
				CLANG_WARN_INT_CONVERSION = YES;
				CLANG_WARN_NON_LITERAL_NULL_CONVERSION = YES;
				CLANG_WARN_OBJC_IMPLICIT_RETAIN_SELF = YES;
				CLANG_WARN_OBJC_LITERAL_CONVERSION = YES;
				CLANG_WARN_OBJC_ROOT_CLASS = YES_ERROR;
				CLANG_WARN_QUOTED_INCLUDE_IN_FRAMEWORK_HEADER = YES;
				CLANG_WARN_RANGE_LOOP_ANALYSIS = YES;
				CLANG_WARN_STRICT_PROTOTYPES = YES;
				CLANG_WARN_SUSPICIOUS_MOVE = YES;
				CLANG_WARN_UNGUARDED_AVAILABILITY = YES_AGGRESSIVE;
				CLANG_WARN_UNREACHABLE_CODE = YES;
				CLANG_WARN__DUPLICATE_METHOD_MATCH = YES;
				COPY_PHASE_STRIP = NO;
				DEBUG_INFORMATION_FORMAT = dwarf;
				ENABLE_STRICT_OBJC_MSGSEND = YES;
				ENABLE_TESTABILITY = YES;
				GCC_C_LANGUAGE_STANDARD = gnu11;
				GCC_DYNAMIC_NO_PIC = NO;
				GCC_NO_COMMON_BLOCKS = YES;
				GCC_OPTIMIZATION_LEVEL = 0;
				GCC_PREPROCESSOR_DEFINITIONS = (
					"DEBUG=1",
					"$(inherited)",
				);
				GCC_WARN_64_TO_32_BIT_CONVERSION = YES;
				GCC_WARN_ABOUT_RETURN_TYPE = YES_ERROR;
				GCC_WARN_UNDECLARED_SELECTOR = YES;
				GCC_WARN_UNINITIALIZED_AUTOS = YES_AGGRESSIVE;
				GCC_WARN_UNUSED_FUNCTION = YES;
				GCC_WARN_UNUSED_VARIABLE = YES;
				IPHONEOS_DEPLOYMENT_TARGET = 15.4;
				MTL_ENABLE_DEBUG_INFO = INCLUDE_SOURCE;
				MTL_FAST_MATH = YES;
				ONLY_ACTIVE_ARCH = YES;
				SDKROOT = iphoneos;
				SWIFT_ACTIVE_COMPILATION_CONDITIONS = DEBUG;
				SWIFT_OPTIMIZATION_LEVEL = "-Onone";
			};
			name = Debug;
		};
		AC72A0DD285984CC007FC767 /* Release */ = {
			isa = XCBuildConfiguration;
			buildSettings = {
				ALWAYS_SEARCH_USER_PATHS = NO;
				CLANG_ANALYZER_NONNULL = YES;
				CLANG_ANALYZER_NUMBER_OBJECT_CONVERSION = YES_AGGRESSIVE;
				CLANG_CXX_LANGUAGE_STANDARD = "gnu++17";
				CLANG_ENABLE_MODULES = YES;
				CLANG_ENABLE_OBJC_ARC = YES;
				CLANG_ENABLE_OBJC_WEAK = YES;
				CLANG_WARN_BLOCK_CAPTURE_AUTORELEASING = YES;
				CLANG_WARN_BOOL_CONVERSION = YES;
				CLANG_WARN_COMMA = YES;
				CLANG_WARN_CONSTANT_CONVERSION = YES;
				CLANG_WARN_DEPRECATED_OBJC_IMPLEMENTATIONS = YES;
				CLANG_WARN_DIRECT_OBJC_ISA_USAGE = YES_ERROR;
				CLANG_WARN_DOCUMENTATION_COMMENTS = YES;
				CLANG_WARN_EMPTY_BODY = YES;
				CLANG_WARN_ENUM_CONVERSION = YES;
				CLANG_WARN_INFINITE_RECURSION = YES;
				CLANG_WARN_INT_CONVERSION = YES;
				CLANG_WARN_NON_LITERAL_NULL_CONVERSION = YES;
				CLANG_WARN_OBJC_IMPLICIT_RETAIN_SELF = YES;
				CLANG_WARN_OBJC_LITERAL_CONVERSION = YES;
				CLANG_WARN_OBJC_ROOT_CLASS = YES_ERROR;
				CLANG_WARN_QUOTED_INCLUDE_IN_FRAMEWORK_HEADER = YES;
				CLANG_WARN_RANGE_LOOP_ANALYSIS = YES;
				CLANG_WARN_STRICT_PROTOTYPES = YES;
				CLANG_WARN_SUSPICIOUS_MOVE = YES;
				CLANG_WARN_UNGUARDED_AVAILABILITY = YES_AGGRESSIVE;
				CLANG_WARN_UNREACHABLE_CODE = YES;
				CLANG_WARN__DUPLICATE_METHOD_MATCH = YES;
				COPY_PHASE_STRIP = NO;
				DEBUG_INFORMATION_FORMAT = "dwarf-with-dsym";
				ENABLE_NS_ASSERTIONS = NO;
				ENABLE_STRICT_OBJC_MSGSEND = YES;
				GCC_C_LANGUAGE_STANDARD = gnu11;
				GCC_NO_COMMON_BLOCKS = YES;
				GCC_WARN_64_TO_32_BIT_CONVERSION = YES;
				GCC_WARN_ABOUT_RETURN_TYPE = YES_ERROR;
				GCC_WARN_UNDECLARED_SELECTOR = YES;
				GCC_WARN_UNINITIALIZED_AUTOS = YES_AGGRESSIVE;
				GCC_WARN_UNUSED_FUNCTION = YES;
				GCC_WARN_UNUSED_VARIABLE = YES;
				IPHONEOS_DEPLOYMENT_TARGET = 15.4;
				MTL_ENABLE_DEBUG_INFO = NO;
				MTL_FAST_MATH = YES;
				SDKROOT = iphoneos;
				SWIFT_COMPILATION_MODE = wholemodule;
				SWIFT_OPTIMIZATION_LEVEL = "-O";
				VALIDATE_PRODUCT = YES;
			};
			name = Release;
		};
		AC72A0DF285984CC007FC767 /* Debug */ = {
			isa = XCBuildConfiguration;
			baseConfigurationReference = F1B5692D855830D747F29104 /* Pods-PeerBucket.debug.xcconfig */;
			buildSettings = {
				ASSETCATALOG_COMPILER_APPICON_NAME = AppIcon;
				ASSETCATALOG_COMPILER_GLOBAL_ACCENT_COLOR_NAME = AccentColor;
				CODE_SIGN_STYLE = Automatic;
				CURRENT_PROJECT_VERSION = 1;
				DEVELOPMENT_TEAM = 92P2C9TPVD;
				GENERATE_INFOPLIST_FILE = YES;
				INFOPLIST_FILE = PeerBucket/Info.plist;
				INFOPLIST_KEY_UIApplicationSupportsIndirectInputEvents = YES;
				INFOPLIST_KEY_UILaunchStoryboardName = LaunchScreen;
				INFOPLIST_KEY_UIMainStoryboardFile = Main;
				INFOPLIST_KEY_UISupportedInterfaceOrientations_iPad = "UIInterfaceOrientationPortrait UIInterfaceOrientationPortraitUpsideDown UIInterfaceOrientationLandscapeLeft UIInterfaceOrientationLandscapeRight";
				INFOPLIST_KEY_UISupportedInterfaceOrientations_iPhone = "UIInterfaceOrientationPortrait UIInterfaceOrientationLandscapeLeft UIInterfaceOrientationLandscapeRight";
				LD_RUNPATH_SEARCH_PATHS = (
					"$(inherited)",
					"@executable_path/Frameworks",
				);
				MARKETING_VERSION = 1.0;
				PRODUCT_BUNDLE_IDENTIFIER = com.doreen.PeerBucket;
				PRODUCT_NAME = "$(TARGET_NAME)";
				SWIFT_EMIT_LOC_STRINGS = YES;
				SWIFT_VERSION = 5.0;
				TARGETED_DEVICE_FAMILY = "1,2";
			};
			name = Debug;
		};
		AC72A0E0285984CC007FC767 /* Release */ = {
			isa = XCBuildConfiguration;
			baseConfigurationReference = 6870EF865073BC240D7C9165 /* Pods-PeerBucket.release.xcconfig */;
			buildSettings = {
				ASSETCATALOG_COMPILER_APPICON_NAME = AppIcon;
				ASSETCATALOG_COMPILER_GLOBAL_ACCENT_COLOR_NAME = AccentColor;
				CODE_SIGN_STYLE = Automatic;
				CURRENT_PROJECT_VERSION = 1;
				DEVELOPMENT_TEAM = 92P2C9TPVD;
				GENERATE_INFOPLIST_FILE = YES;
				INFOPLIST_FILE = PeerBucket/Info.plist;
				INFOPLIST_KEY_UIApplicationSupportsIndirectInputEvents = YES;
				INFOPLIST_KEY_UILaunchStoryboardName = LaunchScreen;
				INFOPLIST_KEY_UIMainStoryboardFile = Main;
				INFOPLIST_KEY_UISupportedInterfaceOrientations_iPad = "UIInterfaceOrientationPortrait UIInterfaceOrientationPortraitUpsideDown UIInterfaceOrientationLandscapeLeft UIInterfaceOrientationLandscapeRight";
				INFOPLIST_KEY_UISupportedInterfaceOrientations_iPhone = "UIInterfaceOrientationPortrait UIInterfaceOrientationLandscapeLeft UIInterfaceOrientationLandscapeRight";
				LD_RUNPATH_SEARCH_PATHS = (
					"$(inherited)",
					"@executable_path/Frameworks",
				);
				MARKETING_VERSION = 1.0;
				PRODUCT_BUNDLE_IDENTIFIER = com.doreen.PeerBucket;
				PRODUCT_NAME = "$(TARGET_NAME)";
				SWIFT_EMIT_LOC_STRINGS = YES;
				SWIFT_VERSION = 5.0;
				TARGETED_DEVICE_FAMILY = "1,2";
			};
			name = Release;
		};
/* End XCBuildConfiguration section */

/* Begin XCConfigurationList section */
		AC72A0C2285984CB007FC767 /* Build configuration list for PBXProject "PeerBucket" */ = {
			isa = XCConfigurationList;
			buildConfigurations = (
				AC72A0DC285984CC007FC767 /* Debug */,
				AC72A0DD285984CC007FC767 /* Release */,
			);
			defaultConfigurationIsVisible = 0;
			defaultConfigurationName = Release;
		};
		AC72A0DE285984CC007FC767 /* Build configuration list for PBXNativeTarget "PeerBucket" */ = {
			isa = XCConfigurationList;
			buildConfigurations = (
				AC72A0DF285984CC007FC767 /* Debug */,
				AC72A0E0285984CC007FC767 /* Release */,
			);
			defaultConfigurationIsVisible = 0;
			defaultConfigurationName = Release;
		};
/* End XCConfigurationList section */

/* Begin XCVersionGroup section */
		AC72A0D3285984CB007FC767 /* PeerBucket.xcdatamodeld */ = {
			isa = XCVersionGroup;
			children = (
				AC72A0D4285984CB007FC767 /* PeerBucket.xcdatamodel */,
			);
			currentVersion = AC72A0D4285984CB007FC767 /* PeerBucket.xcdatamodel */;
			path = PeerBucket.xcdatamodeld;
			sourceTree = "<group>";
			versionGroupType = wrapper.xcdatamodel;
		};
/* End XCVersionGroup section */
	};
	rootObject = AC72A0BF285984CB007FC767 /* Project object */;
}
