// !$*UTF8*$!
{
	archiveVersion = 1;
	classes = {
	};
	objectVersion = 55;
	objects = {

/* Begin PBXBuildFile section */
		AC001475285CDD690098FC4E /* ChallengeUIView.swift in Sources */ = {isa = PBXBuildFile; fileRef = AC001474285CDD690098FC4E /* ChallengeUIView.swift */; };
		AC001477285DABA40098FC4E /* HomeViewController.swift in Sources */ = {isa = PBXBuildFile; fileRef = AC001476285DABA40098FC4E /* HomeViewController.swift */; };
		AC00147A285DABC10098FC4E /* ScheduleViewController.swift in Sources */ = {isa = PBXBuildFile; fileRef = AC001479285DABC10098FC4E /* ScheduleViewController.swift */; };
		AC00147C285DC31F0098FC4E /* ScheduleCollectionViewCell.swift in Sources */ = {isa = PBXBuildFile; fileRef = AC00147B285DC31F0098FC4E /* ScheduleCollectionViewCell.swift */; };
		AC00147F285E07F70098FC4E /* ScheduleHeaderView.swift in Sources */ = {isa = PBXBuildFile; fileRef = AC00147E285E07F70098FC4E /* ScheduleHeaderView.swift */; };
		AC001481285E0E610098FC4E /* ScheduleDataModal.swift in Sources */ = {isa = PBXBuildFile; fileRef = AC001480285E0E610098FC4E /* ScheduleDataModal.swift */; };
		AC001483285E0E770098FC4E /* ScheduleManager.swift in Sources */ = {isa = PBXBuildFile; fileRef = AC001482285E0E770098FC4E /* ScheduleManager.swift */; };
		AC001485285E15910098FC4E /* AddScheduleViewController.swift in Sources */ = {isa = PBXBuildFile; fileRef = AC001484285E15910098FC4E /* AddScheduleViewController.swift */; };
		AC140422286436CF00DD2566 /* AvatarViewController.swift in Sources */ = {isa = PBXBuildFile; fileRef = AC140421286436CF00DD2566 /* AvatarViewController.swift */; };
		AC14832E286E9E9F003F7AB8 /* ImageDetailViewController.swift in Sources */ = {isa = PBXBuildFile; fileRef = AC14832D286E9E9F003F7AB8 /* ImageDetailViewController.swift */; };
		AC21CEA7285B2EEB00157B4D /* BucketDetailTableViewCell.swift in Sources */ = {isa = PBXBuildFile; fileRef = AC21CEA6285B2EEB00157B4D /* BucketDetailTableViewCell.swift */; };
		AC21CEAC285B57EE00157B4D /* UIFontExtension.swift in Sources */ = {isa = PBXBuildFile; fileRef = AC21CEAB285B57EE00157B4D /* UIFontExtension.swift */; };
		AC21CEAE285B58DB00157B4D /* UITextFieldExtension.swift in Sources */ = {isa = PBXBuildFile; fileRef = AC21CEAD285B58DB00157B4D /* UITextFieldExtension.swift */; };
		AC21CEB0285B5A0100157B4D /* UIViewControllerExtension.swift in Sources */ = {isa = PBXBuildFile; fileRef = AC21CEAF285B5A0100157B4D /* UIViewControllerExtension.swift */; };
		AC2C741B286190AD005D1A2D /* InviteViewController.swift in Sources */ = {isa = PBXBuildFile; fileRef = AC2C741A286190AD005D1A2D /* InviteViewController.swift */; };
		AC2C741D2861B297005D1A2D /* ProfileViewController.swift in Sources */ = {isa = PBXBuildFile; fileRef = AC2C741C2861B297005D1A2D /* ProfileViewController.swift */; };
		AC2C74202861B75B005D1A2D /* QRCodeViewController.swift in Sources */ = {isa = PBXBuildFile; fileRef = AC2C741F2861B75B005D1A2D /* QRCodeViewController.swift */; };
		AC2CBBDE28703840003EF0FA /* UIButtonExtension.swift in Sources */ = {isa = PBXBuildFile; fileRef = AC2CBBDD28703840003EF0FA /* UIButtonExtension.swift */; };
		AC2CBBE42871B16F003EF0FA /* lottieLoading.json in Resources */ = {isa = PBXBuildFile; fileRef = AC2CBBE32871B16F003EF0FA /* lottieLoading.json */; };
		AC72A0CB285984CB007FC767 /* AppDelegate.swift in Sources */ = {isa = PBXBuildFile; fileRef = AC72A0CA285984CB007FC767 /* AppDelegate.swift */; };
		AC72A0CD285984CB007FC767 /* SceneDelegate.swift in Sources */ = {isa = PBXBuildFile; fileRef = AC72A0CC285984CB007FC767 /* SceneDelegate.swift */; };
		AC72A0CF285984CB007FC767 /* ExploreViewController.swift in Sources */ = {isa = PBXBuildFile; fileRef = AC72A0CE285984CB007FC767 /* ExploreViewController.swift */; };
		AC72A0D2285984CB007FC767 /* Main.storyboard in Resources */ = {isa = PBXBuildFile; fileRef = AC72A0D0285984CB007FC767 /* Main.storyboard */; };
		AC72A0D5285984CB007FC767 /* PeerBucket.xcdatamodeld in Sources */ = {isa = PBXBuildFile; fileRef = AC72A0D3285984CB007FC767 /* PeerBucket.xcdatamodeld */; };
		AC72A0D7285984CC007FC767 /* Assets.xcassets in Resources */ = {isa = PBXBuildFile; fileRef = AC72A0D6285984CC007FC767 /* Assets.xcassets */; };
		AC72A0DA285984CC007FC767 /* LaunchScreen.storyboard in Resources */ = {isa = PBXBuildFile; fileRef = AC72A0D8285984CC007FC767 /* LaunchScreen.storyboard */; };
		AC72A0E328598998007FC767 /* UIViewExtension.swift in Sources */ = {isa = PBXBuildFile; fileRef = AC72A0E228598998007FC767 /* UIViewExtension.swift */; };
		AC72A0E5285989EE007FC767 /* ExploreMockData.swift in Sources */ = {isa = PBXBuildFile; fileRef = AC72A0E4285989EE007FC767 /* ExploreMockData.swift */; };
		AC72A0ED28599135007FC767 /* ExploreCollectionViewCell.swift in Sources */ = {isa = PBXBuildFile; fileRef = AC72A0EC28599135007FC767 /* ExploreCollectionViewCell.swift */; };
		AC72A0EF2859918C007FC767 /* ChallengeCollectionViewCell.swift in Sources */ = {isa = PBXBuildFile; fileRef = AC72A0EE2859918C007FC767 /* ChallengeCollectionViewCell.swift */; };
		AC72A0F1285991D3007FC767 /* ExploreHeaderView.swift in Sources */ = {isa = PBXBuildFile; fileRef = AC72A0F0285991D3007FC767 /* ExploreHeaderView.swift */; };
		AC72A0F3285991FC007FC767 /* ChallengeHeaderView.swift in Sources */ = {isa = PBXBuildFile; fileRef = AC72A0F2285991FC007FC767 /* ChallengeHeaderView.swift */; };
		AC72A0F52859AF8B007FC767 /* UIColorExtension.swift in Sources */ = {isa = PBXBuildFile; fileRef = AC72A0F42859AF8B007FC767 /* UIColorExtension.swift */; };
		AC72A0F72859B54F007FC767 /* ExploreDetailViewController.swift in Sources */ = {isa = PBXBuildFile; fileRef = AC72A0F62859B54F007FC767 /* ExploreDetailViewController.swift */; };
		AC72A0F92859C03A007FC767 /* ExploreDetailTableViewCell.swift in Sources */ = {isa = PBXBuildFile; fileRef = AC72A0F82859C03A007FC767 /* ExploreDetailTableViewCell.swift */; };
		AC72A0FB285A1057007FC767 /* AddToBucketViewController.swift in Sources */ = {isa = PBXBuildFile; fileRef = AC72A0FA285A1057007FC767 /* AddToBucketViewController.swift */; };
		AC72A0FD285A1452007FC767 /* AddToBucketCollectionViewCell.swift in Sources */ = {isa = PBXBuildFile; fileRef = AC72A0FC285A1451007FC767 /* AddToBucketCollectionViewCell.swift */; };
		AC72A100285AC20C007FC767 /* BucketListManager.swift in Sources */ = {isa = PBXBuildFile; fileRef = AC72A0FF285AC20C007FC767 /* BucketListManager.swift */; };
		AC72A102285AC2C0007FC767 /* BucketDataModal.swift in Sources */ = {isa = PBXBuildFile; fileRef = AC72A101285AC2C0007FC767 /* BucketDataModal.swift */; };
		AC72A104285AC389007FC767 /* BucketListViewController.swift in Sources */ = {isa = PBXBuildFile; fileRef = AC72A103285AC389007FC767 /* BucketListViewController.swift */; };
		AC72A106285AC4FD007FC767 /* BucketListCollectionViewCell.swift in Sources */ = {isa = PBXBuildFile; fileRef = AC72A105285AC4FD007FC767 /* BucketListCollectionViewCell.swift */; };
		AC752A8D287333DB006756ED /* PrivacyViewController.swift in Sources */ = {isa = PBXBuildFile; fileRef = AC752A8C287333DB006756ED /* PrivacyViewController.swift */; };
		AC752A8F287334B1006756ED /* WebViewController.swift in Sources */ = {isa = PBXBuildFile; fileRef = AC752A8E287334B1006756ED /* WebViewController.swift */; };
		AC835460285CDBF8001F3767 /* ChallengeViewController.swift in Sources */ = {isa = PBXBuildFile; fileRef = AC83545F285CDBF8001F3767 /* ChallengeViewController.swift */; };
		ACADB70D285F83CF00D7C18E /* Pods_PeerBucket.framework in Frameworks */ = {isa = PBXBuildFile; fileRef = 9B2CAF8144FA3E1DB2655F7F /* Pods_PeerBucket.framework */; settings = {ATTRIBUTES = (Required, ); }; };
		ACADB71028603B9000D7C18E /* ChatViewController.swift in Sources */ = {isa = PBXBuildFile; fileRef = ACADB70F28603B9000D7C18E /* ChatViewController.swift */; };
		ACADB71228603FC000D7C18E /* MessageDataModal.swift in Sources */ = {isa = PBXBuildFile; fileRef = ACADB71128603FC000D7C18E /* MessageDataModal.swift */; };
		ACADB71C28604C5700D7C18E /* UserDataModal.swift in Sources */ = {isa = PBXBuildFile; fileRef = ACADB71B28604C5700D7C18E /* UserDataModal.swift */; };
		ACADB721286078B100D7C18E /* LoginViewController.swift in Sources */ = {isa = PBXBuildFile; fileRef = ACADB720286078B100D7C18E /* LoginViewController.swift */; };
		ACADB7232860A26D00D7C18E /* UserManager.swift in Sources */ = {isa = PBXBuildFile; fileRef = ACADB7222860A26D00D7C18E /* UserManager.swift */; };
		ACC3D26F285ADED400676F46 /* BucketDetailViewController.swift in Sources */ = {isa = PBXBuildFile; fileRef = ACC3D26E285ADED400676F46 /* BucketDetailViewController.swift */; };
		ACC3D271285ADF7300676F46 /* AddNewBucketViewController.swift in Sources */ = {isa = PBXBuildFile; fileRef = ACC3D270285ADF7300676F46 /* AddNewBucketViewController.swift */; };
		ACC3D273285B0EFA00676F46 /* DateHelper.swift in Sources */ = {isa = PBXBuildFile; fileRef = ACC3D272285B0EFA00676F46 /* DateHelper.swift */; };
		ACC7D09A28631E54006AC04A /* TabBarController.swift in Sources */ = {isa = PBXBuildFile; fileRef = ACC7D09928631E54006AC04A /* TabBarController.swift */; };
		ACFBCF6D286D83A10013B21B /* MessageManager.swift in Sources */ = {isa = PBXBuildFile; fileRef = ACFBCF6C286D83A00013B21B /* MessageManager.swift */; };
		ACFC8D10286864970055D143 /* UILabelExtension.swift in Sources */ = {isa = PBXBuildFile; fileRef = ACFC8D0F286864960055D143 /* UILabelExtension.swift */; };
		ACFC8D12286971780055D143 /* GoogleService-Info.plist in Resources */ = {isa = PBXBuildFile; fileRef = ACFC8D11286971780055D143 /* GoogleService-Info.plist */; };
/* End PBXBuildFile section */

/* Begin PBXCopyFilesBuildPhase section */
		ACADB70C285F83B800D7C18E /* Embed Frameworks */ = {
			isa = PBXCopyFilesBuildPhase;
			buildActionMask = 2147483647;
			dstPath = "";
			dstSubfolderSpec = 10;
			files = (
			);
			name = "Embed Frameworks";
			runOnlyForDeploymentPostprocessing = 0;
		};
/* End PBXCopyFilesBuildPhase section */

/* Begin PBXFileReference section */
		6870EF865073BC240D7C9165 /* Pods-PeerBucket.release.xcconfig */ = {isa = PBXFileReference; includeInIndex = 1; lastKnownFileType = text.xcconfig; name = "Pods-PeerBucket.release.xcconfig"; path = "Target Support Files/Pods-PeerBucket/Pods-PeerBucket.release.xcconfig"; sourceTree = "<group>"; };
		9B2CAF8144FA3E1DB2655F7F /* Pods_PeerBucket.framework */ = {isa = PBXFileReference; explicitFileType = wrapper.framework; includeInIndex = 0; path = Pods_PeerBucket.framework; sourceTree = BUILT_PRODUCTS_DIR; };
		AC001474285CDD690098FC4E /* ChallengeUIView.swift */ = {isa = PBXFileReference; lastKnownFileType = sourcecode.swift; path = ChallengeUIView.swift; sourceTree = "<group>"; };
		AC001476285DABA40098FC4E /* HomeViewController.swift */ = {isa = PBXFileReference; lastKnownFileType = sourcecode.swift; path = HomeViewController.swift; sourceTree = "<group>"; };
		AC001479285DABC10098FC4E /* ScheduleViewController.swift */ = {isa = PBXFileReference; lastKnownFileType = sourcecode.swift; path = ScheduleViewController.swift; sourceTree = "<group>"; };
		AC00147B285DC31F0098FC4E /* ScheduleCollectionViewCell.swift */ = {isa = PBXFileReference; lastKnownFileType = sourcecode.swift; path = ScheduleCollectionViewCell.swift; sourceTree = "<group>"; };
		AC00147E285E07F70098FC4E /* ScheduleHeaderView.swift */ = {isa = PBXFileReference; lastKnownFileType = sourcecode.swift; path = ScheduleHeaderView.swift; sourceTree = "<group>"; };
		AC001480285E0E610098FC4E /* ScheduleDataModal.swift */ = {isa = PBXFileReference; lastKnownFileType = sourcecode.swift; path = ScheduleDataModal.swift; sourceTree = "<group>"; };
		AC001482285E0E770098FC4E /* ScheduleManager.swift */ = {isa = PBXFileReference; lastKnownFileType = sourcecode.swift; path = ScheduleManager.swift; sourceTree = "<group>"; };
		AC001484285E15910098FC4E /* AddScheduleViewController.swift */ = {isa = PBXFileReference; lastKnownFileType = sourcecode.swift; path = AddScheduleViewController.swift; sourceTree = "<group>"; };
		AC140421286436CF00DD2566 /* AvatarViewController.swift */ = {isa = PBXFileReference; lastKnownFileType = sourcecode.swift; path = AvatarViewController.swift; sourceTree = "<group>"; };
		AC14832D286E9E9F003F7AB8 /* ImageDetailViewController.swift */ = {isa = PBXFileReference; lastKnownFileType = sourcecode.swift; path = ImageDetailViewController.swift; sourceTree = "<group>"; };
		AC21CEA6285B2EEB00157B4D /* BucketDetailTableViewCell.swift */ = {isa = PBXFileReference; lastKnownFileType = sourcecode.swift; path = BucketDetailTableViewCell.swift; sourceTree = "<group>"; };
		AC21CEAB285B57EE00157B4D /* UIFontExtension.swift */ = {isa = PBXFileReference; lastKnownFileType = sourcecode.swift; path = UIFontExtension.swift; sourceTree = "<group>"; };
		AC21CEAD285B58DB00157B4D /* UITextFieldExtension.swift */ = {isa = PBXFileReference; lastKnownFileType = sourcecode.swift; path = UITextFieldExtension.swift; sourceTree = "<group>"; };
		AC21CEAF285B5A0100157B4D /* UIViewControllerExtension.swift */ = {isa = PBXFileReference; lastKnownFileType = sourcecode.swift; path = UIViewControllerExtension.swift; sourceTree = "<group>"; };
		AC2C741A286190AD005D1A2D /* InviteViewController.swift */ = {isa = PBXFileReference; lastKnownFileType = sourcecode.swift; path = InviteViewController.swift; sourceTree = "<group>"; };
		AC2C741C2861B297005D1A2D /* ProfileViewController.swift */ = {isa = PBXFileReference; lastKnownFileType = sourcecode.swift; path = ProfileViewController.swift; sourceTree = "<group>"; };
		AC2C741F2861B75B005D1A2D /* QRCodeViewController.swift */ = {isa = PBXFileReference; lastKnownFileType = sourcecode.swift; path = QRCodeViewController.swift; sourceTree = "<group>"; };
		AC2CBBDD28703840003EF0FA /* UIButtonExtension.swift */ = {isa = PBXFileReference; lastKnownFileType = sourcecode.swift; path = UIButtonExtension.swift; sourceTree = "<group>"; };
		AC2CBBE32871B16F003EF0FA /* lottieLoading.json */ = {isa = PBXFileReference; fileEncoding = 4; lastKnownFileType = text.json; path = lottieLoading.json; sourceTree = "<group>"; };
		AC6F0FF52869DA6200FD0F0E /* PeerBucket.entitlements */ = {isa = PBXFileReference; lastKnownFileType = text.plist.entitlements; path = PeerBucket.entitlements; sourceTree = "<group>"; };
		AC72A0C7285984CB007FC767 /* PeerBucket.app */ = {isa = PBXFileReference; explicitFileType = wrapper.application; includeInIndex = 0; path = PeerBucket.app; sourceTree = BUILT_PRODUCTS_DIR; };
		AC72A0CA285984CB007FC767 /* AppDelegate.swift */ = {isa = PBXFileReference; lastKnownFileType = sourcecode.swift; path = AppDelegate.swift; sourceTree = "<group>"; };
		AC72A0CC285984CB007FC767 /* SceneDelegate.swift */ = {isa = PBXFileReference; lastKnownFileType = sourcecode.swift; path = SceneDelegate.swift; sourceTree = "<group>"; };
		AC72A0CE285984CB007FC767 /* ExploreViewController.swift */ = {isa = PBXFileReference; lastKnownFileType = sourcecode.swift; path = ExploreViewController.swift; sourceTree = "<group>"; };
		AC72A0D1285984CB007FC767 /* Base */ = {isa = PBXFileReference; lastKnownFileType = file.storyboard; name = Base; path = Base.lproj/Main.storyboard; sourceTree = "<group>"; };
		AC72A0D4285984CB007FC767 /* PeerBucket.xcdatamodel */ = {isa = PBXFileReference; lastKnownFileType = wrapper.xcdatamodel; path = PeerBucket.xcdatamodel; sourceTree = "<group>"; };
		AC72A0D6285984CC007FC767 /* Assets.xcassets */ = {isa = PBXFileReference; lastKnownFileType = folder.assetcatalog; path = Assets.xcassets; sourceTree = "<group>"; };
		AC72A0D9285984CC007FC767 /* Base */ = {isa = PBXFileReference; lastKnownFileType = file.storyboard; name = Base; path = Base.lproj/LaunchScreen.storyboard; sourceTree = "<group>"; };
		AC72A0DB285984CC007FC767 /* Info.plist */ = {isa = PBXFileReference; lastKnownFileType = text.plist.xml; path = Info.plist; sourceTree = "<group>"; };
		AC72A0E228598998007FC767 /* UIViewExtension.swift */ = {isa = PBXFileReference; lastKnownFileType = sourcecode.swift; path = UIViewExtension.swift; sourceTree = "<group>"; };
		AC72A0E4285989EE007FC767 /* ExploreMockData.swift */ = {isa = PBXFileReference; lastKnownFileType = sourcecode.swift; path = ExploreMockData.swift; sourceTree = "<group>"; };
		AC72A0EC28599135007FC767 /* ExploreCollectionViewCell.swift */ = {isa = PBXFileReference; lastKnownFileType = sourcecode.swift; path = ExploreCollectionViewCell.swift; sourceTree = "<group>"; };
		AC72A0EE2859918C007FC767 /* ChallengeCollectionViewCell.swift */ = {isa = PBXFileReference; lastKnownFileType = sourcecode.swift; path = ChallengeCollectionViewCell.swift; sourceTree = "<group>"; };
		AC72A0F0285991D3007FC767 /* ExploreHeaderView.swift */ = {isa = PBXFileReference; lastKnownFileType = sourcecode.swift; path = ExploreHeaderView.swift; sourceTree = "<group>"; };
		AC72A0F2285991FC007FC767 /* ChallengeHeaderView.swift */ = {isa = PBXFileReference; lastKnownFileType = sourcecode.swift; path = ChallengeHeaderView.swift; sourceTree = "<group>"; };
		AC72A0F42859AF8B007FC767 /* UIColorExtension.swift */ = {isa = PBXFileReference; lastKnownFileType = sourcecode.swift; path = UIColorExtension.swift; sourceTree = "<group>"; };
		AC72A0F62859B54F007FC767 /* ExploreDetailViewController.swift */ = {isa = PBXFileReference; lastKnownFileType = sourcecode.swift; path = ExploreDetailViewController.swift; sourceTree = "<group>"; };
		AC72A0F82859C03A007FC767 /* ExploreDetailTableViewCell.swift */ = {isa = PBXFileReference; lastKnownFileType = sourcecode.swift; path = ExploreDetailTableViewCell.swift; sourceTree = "<group>"; };
		AC72A0FA285A1057007FC767 /* AddToBucketViewController.swift */ = {isa = PBXFileReference; lastKnownFileType = sourcecode.swift; path = AddToBucketViewController.swift; sourceTree = "<group>"; };
		AC72A0FC285A1451007FC767 /* AddToBucketCollectionViewCell.swift */ = {isa = PBXFileReference; lastKnownFileType = sourcecode.swift; path = AddToBucketCollectionViewCell.swift; sourceTree = "<group>"; };
		AC72A0FF285AC20C007FC767 /* BucketListManager.swift */ = {isa = PBXFileReference; lastKnownFileType = sourcecode.swift; path = BucketListManager.swift; sourceTree = "<group>"; };
		AC72A101285AC2C0007FC767 /* BucketDataModal.swift */ = {isa = PBXFileReference; lastKnownFileType = sourcecode.swift; path = BucketDataModal.swift; sourceTree = "<group>"; };
		AC72A103285AC389007FC767 /* BucketListViewController.swift */ = {isa = PBXFileReference; lastKnownFileType = sourcecode.swift; path = BucketListViewController.swift; sourceTree = "<group>"; };
		AC72A105285AC4FD007FC767 /* BucketListCollectionViewCell.swift */ = {isa = PBXFileReference; lastKnownFileType = sourcecode.swift; path = BucketListCollectionViewCell.swift; sourceTree = "<group>"; };
		AC752A8C287333DB006756ED /* PrivacyViewController.swift */ = {isa = PBXFileReference; lastKnownFileType = sourcecode.swift; path = PrivacyViewController.swift; sourceTree = "<group>"; };
		AC752A8E287334B1006756ED /* WebViewController.swift */ = {isa = PBXFileReference; lastKnownFileType = sourcecode.swift; path = WebViewController.swift; sourceTree = "<group>"; };
		AC83545F285CDBF8001F3767 /* ChallengeViewController.swift */ = {isa = PBXFileReference; lastKnownFileType = sourcecode.swift; path = ChallengeViewController.swift; sourceTree = "<group>"; };
		ACADB70F28603B9000D7C18E /* ChatViewController.swift */ = {isa = PBXFileReference; lastKnownFileType = sourcecode.swift; path = ChatViewController.swift; sourceTree = "<group>"; };
		ACADB71128603FC000D7C18E /* MessageDataModal.swift */ = {isa = PBXFileReference; lastKnownFileType = sourcecode.swift; path = MessageDataModal.swift; sourceTree = "<group>"; };
		ACADB71B28604C5700D7C18E /* UserDataModal.swift */ = {isa = PBXFileReference; lastKnownFileType = sourcecode.swift; path = UserDataModal.swift; sourceTree = "<group>"; };
		ACADB720286078B100D7C18E /* LoginViewController.swift */ = {isa = PBXFileReference; lastKnownFileType = sourcecode.swift; path = LoginViewController.swift; sourceTree = "<group>"; };
		ACADB7222860A26D00D7C18E /* UserManager.swift */ = {isa = PBXFileReference; lastKnownFileType = sourcecode.swift; path = UserManager.swift; sourceTree = "<group>"; };
		ACC3D26E285ADED400676F46 /* BucketDetailViewController.swift */ = {isa = PBXFileReference; lastKnownFileType = sourcecode.swift; path = BucketDetailViewController.swift; sourceTree = "<group>"; };
		ACC3D270285ADF7300676F46 /* AddNewBucketViewController.swift */ = {isa = PBXFileReference; lastKnownFileType = sourcecode.swift; path = AddNewBucketViewController.swift; sourceTree = "<group>"; };
		ACC3D272285B0EFA00676F46 /* DateHelper.swift */ = {isa = PBXFileReference; lastKnownFileType = sourcecode.swift; path = DateHelper.swift; sourceTree = "<group>"; };
		ACC7D09928631E54006AC04A /* TabBarController.swift */ = {isa = PBXFileReference; lastKnownFileType = sourcecode.swift; path = TabBarController.swift; sourceTree = "<group>"; };
		ACFBCF6C286D83A00013B21B /* MessageManager.swift */ = {isa = PBXFileReference; lastKnownFileType = sourcecode.swift; path = MessageManager.swift; sourceTree = "<group>"; };
		ACFC8D0F286864960055D143 /* UILabelExtension.swift */ = {isa = PBXFileReference; lastKnownFileType = sourcecode.swift; path = UILabelExtension.swift; sourceTree = "<group>"; };
		ACFC8D11286971780055D143 /* GoogleService-Info.plist */ = {isa = PBXFileReference; fileEncoding = 4; lastKnownFileType = text.plist.xml; path = "GoogleService-Info.plist"; sourceTree = "<group>"; };
		F1B5692D855830D747F29104 /* Pods-PeerBucket.debug.xcconfig */ = {isa = PBXFileReference; includeInIndex = 1; lastKnownFileType = text.xcconfig; name = "Pods-PeerBucket.debug.xcconfig"; path = "Target Support Files/Pods-PeerBucket/Pods-PeerBucket.debug.xcconfig"; sourceTree = "<group>"; };
/* End PBXFileReference section */

/* Begin PBXFrameworksBuildPhase section */
		AC72A0C4285984CB007FC767 /* Frameworks */ = {
			isa = PBXFrameworksBuildPhase;
			buildActionMask = 2147483647;
			files = (
				ACADB70D285F83CF00D7C18E /* Pods_PeerBucket.framework in Frameworks */,
			);
			runOnlyForDeploymentPostprocessing = 0;
		};
/* End PBXFrameworksBuildPhase section */

/* Begin PBXGroup section */
		2F38F1B8333B2EF46986E455 /* Pods */ = {
			isa = PBXGroup;
			children = (
				F1B5692D855830D747F29104 /* Pods-PeerBucket.debug.xcconfig */,
				6870EF865073BC240D7C9165 /* Pods-PeerBucket.release.xcconfig */,
			);
			path = Pods;
			sourceTree = "<group>";
		};
		AC001478285DABAA0098FC4E /* HomePage */ = {
			isa = PBXGroup;
			children = (
				AC001476285DABA40098FC4E /* HomeViewController.swift */,
				AC001479285DABC10098FC4E /* ScheduleViewController.swift */,
				AC001484285E15910098FC4E /* AddScheduleViewController.swift */,
				ACADB70F28603B9000D7C18E /* ChatViewController.swift */,
			);
			path = HomePage;
			sourceTree = "<group>";
		};
		AC00147D285E07AB0098FC4E /* SchedulePage */ = {
			isa = PBXGroup;
			children = (
				AC00147B285DC31F0098FC4E /* ScheduleCollectionViewCell.swift */,
				AC00147E285E07F70098FC4E /* ScheduleHeaderView.swift */,
			);
			path = SchedulePage;
			sourceTree = "<group>";
		};
		AC21CEA8285B567C00157B4D /* BucketPage */ = {
			isa = PBXGroup;
			children = (
				AC72A105285AC4FD007FC767 /* BucketListCollectionViewCell.swift */,
				AC21CEA6285B2EEB00157B4D /* BucketDetailTableViewCell.swift */,
			);
			path = BucketPage;
			sourceTree = "<group>";
		};
		AC21CEA9285B579500157B4D /* ExplorePage */ = {
			isa = PBXGroup;
			children = (
				AC752A8C287333DB006756ED /* PrivacyViewController.swift */,
				AC72A0CE285984CB007FC767 /* ExploreViewController.swift */,
				AC72A0F62859B54F007FC767 /* ExploreDetailViewController.swift */,
				AC83545F285CDBF8001F3767 /* ChallengeViewController.swift */,
				AC72A0FA285A1057007FC767 /* AddToBucketViewController.swift */,
				AC752A8E287334B1006756ED /* WebViewController.swift */,
			);
			path = ExplorePage;
			sourceTree = "<group>";
		};
		AC21CEAA285B57A700157B4D /* BucketPage */ = {
			isa = PBXGroup;
			children = (
				AC72A103285AC389007FC767 /* BucketListViewController.swift */,
				ACC3D26E285ADED400676F46 /* BucketDetailViewController.swift */,
				ACC3D270285ADF7300676F46 /* AddNewBucketViewController.swift */,
				AC14832D286E9E9F003F7AB8 /* ImageDetailViewController.swift */,
			);
			path = BucketPage;
			sourceTree = "<group>";
		};
		AC2C741E2861B71D005D1A2D /* ProfilePage */ = {
			isa = PBXGroup;
			children = (
				AC2C741A286190AD005D1A2D /* InviteViewController.swift */,
				AC2C741C2861B297005D1A2D /* ProfileViewController.swift */,
				AC2C741F2861B75B005D1A2D /* QRCodeViewController.swift */,
				AC140421286436CF00DD2566 /* AvatarViewController.swift */,
			);
			path = ProfilePage;
			sourceTree = "<group>";
		};
		AC2CBBE52872CA56003EF0FA /* ExplorePage */ = {
			isa = PBXGroup;
			children = (
				AC72A0E4285989EE007FC767 /* ExploreMockData.swift */,
			);
			path = ExplorePage;
			sourceTree = "<group>";
		};
		AC72A0BE285984CB007FC767 = {
			isa = PBXGroup;
			children = (
				AC72A0C9285984CB007FC767 /* PeerBucket */,
				AC72A0C8285984CB007FC767 /* Products */,
				2F38F1B8333B2EF46986E455 /* Pods */,
				D13C32911BF3BB95CC277E6A /* Frameworks */,
			);
			sourceTree = "<group>";
		};
		AC72A0C8285984CB007FC767 /* Products */ = {
			isa = PBXGroup;
			children = (
				AC72A0C7285984CB007FC767 /* PeerBucket.app */,
			);
			name = Products;
			sourceTree = "<group>";
		};
		AC72A0C9285984CB007FC767 /* PeerBucket */ = {
			isa = PBXGroup;
			children = (
				AC6F0FF52869DA6200FD0F0E /* PeerBucket.entitlements */,
				AC72A0E6285989F4007FC767 /* Modal */,
				AC72A0EA28598A38007FC767 /* View */,
				AC72A0E828598A0E007FC767 /* Controller */,
				AC72A0E928598A23007FC767 /* Extension */,
				AC72A0EB28598A4E007FC767 /* Resource */,
				AC72A0D6285984CC007FC767 /* Assets.xcassets */,
				AC72A0D0285984CB007FC767 /* Main.storyboard */,
				AC72A0D8285984CC007FC767 /* LaunchScreen.storyboard */,
				AC72A0DB285984CC007FC767 /* Info.plist */,
				AC72A0D3285984CB007FC767 /* PeerBucket.xcdatamodeld */,
			);
			path = PeerBucket;
			sourceTree = "<group>";
		};
		AC72A0E6285989F4007FC767 /* Modal */ = {
			isa = PBXGroup;
			children = (
				AC2CBBE52872CA56003EF0FA /* ExplorePage */,
				ACADB71E28605B5900D7C18E /* HomePage */,
				ACADB71D28605B3300D7C18E /* BucketPage */,
				ACADB7222860A26D00D7C18E /* UserManager.swift */,
				ACADB71B28604C5700D7C18E /* UserDataModal.swift */,
			);
			path = Modal;
			sourceTree = "<group>";
		};
		AC72A0E828598A0E007FC767 /* Controller */ = {
			isa = PBXGroup;
			children = (
				AC2C741E2861B71D005D1A2D /* ProfilePage */,
				AC001478285DABAA0098FC4E /* HomePage */,
				AC21CEAA285B57A700157B4D /* BucketPage */,
				AC21CEA9285B579500157B4D /* ExplorePage */,
				ACC7D09928631E54006AC04A /* TabBarController.swift */,
				ACADB720286078B100D7C18E /* LoginViewController.swift */,
			);
			path = Controller;
			sourceTree = "<group>";
		};
		AC72A0E928598A23007FC767 /* Extension */ = {
			isa = PBXGroup;
			children = (
				ACC3D272285B0EFA00676F46 /* DateHelper.swift */,
				AC72A0E228598998007FC767 /* UIViewExtension.swift */,
				AC72A0F42859AF8B007FC767 /* UIColorExtension.swift */,
				AC21CEAB285B57EE00157B4D /* UIFontExtension.swift */,
				AC21CEAD285B58DB00157B4D /* UITextFieldExtension.swift */,
				AC21CEAF285B5A0100157B4D /* UIViewControllerExtension.swift */,
				ACFC8D0F286864960055D143 /* UILabelExtension.swift */,
				AC2CBBDD28703840003EF0FA /* UIButtonExtension.swift */,
			);
			path = Extension;
			sourceTree = "<group>";
		};
		AC72A0EA28598A38007FC767 /* View */ = {
			isa = PBXGroup;
			children = (
				AC00147D285E07AB0098FC4E /* SchedulePage */,
				AC21CEA8285B567C00157B4D /* BucketPage */,
				AC72A0FE285A2F45007FC767 /* ExplorePage */,
			);
			path = View;
			sourceTree = "<group>";
		};
		AC72A0EB28598A4E007FC767 /* Resource */ = {
			isa = PBXGroup;
			children = (
				AC2CBBE32871B16F003EF0FA /* lottieLoading.json */,
				AC72A0CA285984CB007FC767 /* AppDelegate.swift */,
				AC72A0CC285984CB007FC767 /* SceneDelegate.swift */,
				ACFC8D11286971780055D143 /* GoogleService-Info.plist */,
			);
			path = Resource;
			sourceTree = "<group>";
		};
		AC72A0FE285A2F45007FC767 /* ExplorePage */ = {
			isa = PBXGroup;
			children = (
				AC72A0EC28599135007FC767 /* ExploreCollectionViewCell.swift */,
				AC72A0EE2859918C007FC767 /* ChallengeCollectionViewCell.swift */,
				AC72A0F0285991D3007FC767 /* ExploreHeaderView.swift */,
				AC72A0F2285991FC007FC767 /* ChallengeHeaderView.swift */,
				AC72A0F82859C03A007FC767 /* ExploreDetailTableViewCell.swift */,
				AC72A0FC285A1451007FC767 /* AddToBucketCollectionViewCell.swift */,
				AC001474285CDD690098FC4E /* ChallengeUIView.swift */,
			);
			path = ExplorePage;
			sourceTree = "<group>";
		};
		ACADB71D28605B3300D7C18E /* BucketPage */ = {
			isa = PBXGroup;
			children = (
				AC72A0FF285AC20C007FC767 /* BucketListManager.swift */,
				AC72A101285AC2C0007FC767 /* BucketDataModal.swift */,
			);
			path = BucketPage;
			sourceTree = "<group>";
		};
		ACADB71E28605B5900D7C18E /* HomePage */ = {
			isa = PBXGroup;
			children = (
				AC001480285E0E610098FC4E /* ScheduleDataModal.swift */,
				AC001482285E0E770098FC4E /* ScheduleManager.swift */,
				ACADB71128603FC000D7C18E /* MessageDataModal.swift */,
				ACFBCF6C286D83A00013B21B /* MessageManager.swift */,
			);
			path = HomePage;
			sourceTree = "<group>";
		};
		D13C32911BF3BB95CC277E6A /* Frameworks */ = {
			isa = PBXGroup;
			children = (
				9B2CAF8144FA3E1DB2655F7F /* Pods_PeerBucket.framework */,
			);
			name = Frameworks;
			sourceTree = "<group>";
		};
/* End PBXGroup section */

/* Begin PBXNativeTarget section */
		AC72A0C6285984CB007FC767 /* PeerBucket */ = {
			isa = PBXNativeTarget;
			buildConfigurationList = AC72A0DE285984CC007FC767 /* Build configuration list for PBXNativeTarget "PeerBucket" */;
			buildPhases = (
				98AFE2F2D60F32B4A0A4BC90 /* [CP] Check Pods Manifest.lock */,
				AC72A0E1285987F9007FC767 /* Run SwiftLint */,
				AC72A0C3285984CB007FC767 /* Sources */,
				AC72A0C4285984CB007FC767 /* Frameworks */,
				AC72A0C5285984CB007FC767 /* Resources */,
				FEFC87F9F31419D0A173444F /* [CP] Embed Pods Frameworks */,
				ACADB70C285F83B800D7C18E /* Embed Frameworks */,
			);
			buildRules = (
			);
			dependencies = (
			);
			name = PeerBucket;
			productName = PeerBucket;
			productReference = AC72A0C7285984CB007FC767 /* PeerBucket.app */;
			productType = "com.apple.product-type.application";
		};
/* End PBXNativeTarget section */

/* Begin PBXProject section */
		AC72A0BF285984CB007FC767 /* Project object */ = {
			isa = PBXProject;
			attributes = {
				BuildIndependentTargetsInParallel = 1;
				LastSwiftUpdateCheck = 1330;
				LastUpgradeCheck = 1330;
				TargetAttributes = {
					AC72A0C6285984CB007FC767 = {
						CreatedOnToolsVersion = 13.3;
					};
				};
			};
			buildConfigurationList = AC72A0C2285984CB007FC767 /* Build configuration list for PBXProject "PeerBucket" */;
			compatibilityVersion = "Xcode 13.0";
			developmentRegion = en;
			hasScannedForEncodings = 0;
			knownRegions = (
				en,
				Base,
			);
			mainGroup = AC72A0BE285984CB007FC767;
			productRefGroup = AC72A0C8285984CB007FC767 /* Products */;
			projectDirPath = "";
			projectRoot = "";
			targets = (
				AC72A0C6285984CB007FC767 /* PeerBucket */,
			);
		};
/* End PBXProject section */

/* Begin PBXResourcesBuildPhase section */
		AC72A0C5285984CB007FC767 /* Resources */ = {
			isa = PBXResourcesBuildPhase;
			buildActionMask = 2147483647;
			files = (
				AC72A0DA285984CC007FC767 /* LaunchScreen.storyboard in Resources */,
				AC2CBBE42871B16F003EF0FA /* lottieLoading.json in Resources */,
				ACFC8D12286971780055D143 /* GoogleService-Info.plist in Resources */,
				AC72A0D7285984CC007FC767 /* Assets.xcassets in Resources */,
				AC72A0D2285984CB007FC767 /* Main.storyboard in Resources */,
			);
			runOnlyForDeploymentPostprocessing = 0;
		};
/* End PBXResourcesBuildPhase section */

/* Begin PBXShellScriptBuildPhase section */
		98AFE2F2D60F32B4A0A4BC90 /* [CP] Check Pods Manifest.lock */ = {
			isa = PBXShellScriptBuildPhase;
			buildActionMask = 2147483647;
			files = (
			);
			inputFileListPaths = (
			);
			inputPaths = (
				"${PODS_PODFILE_DIR_PATH}/Podfile.lock",
				"${PODS_ROOT}/Manifest.lock",
			);
			name = "[CP] Check Pods Manifest.lock";
			outputFileListPaths = (
			);
			outputPaths = (
				"$(DERIVED_FILE_DIR)/Pods-PeerBucket-checkManifestLockResult.txt",
			);
			runOnlyForDeploymentPostprocessing = 0;
			shellPath = /bin/sh;
			shellScript = "diff \"${PODS_PODFILE_DIR_PATH}/Podfile.lock\" \"${PODS_ROOT}/Manifest.lock\" > /dev/null\nif [ $? != 0 ] ; then\n    # print error to STDERR\n    echo \"error: The sandbox is not in sync with the Podfile.lock. Run 'pod install' or update your CocoaPods installation.\" >&2\n    exit 1\nfi\n# This output is used by Xcode 'outputs' to avoid re-running this script phase.\necho \"SUCCESS\" > \"${SCRIPT_OUTPUT_FILE_0}\"\n";
			showEnvVarsInLog = 0;
		};
		AC72A0E1285987F9007FC767 /* Run SwiftLint */ = {
			isa = PBXShellScriptBuildPhase;
			buildActionMask = 2147483647;
			files = (
			);
			inputFileListPaths = (
			);
			inputPaths = (
			);
			name = "Run SwiftLint";
			outputFileListPaths = (
			);
			outputPaths = (
			);
			runOnlyForDeploymentPostprocessing = 0;
			shellPath = /bin/sh;
			shellScript = "\"${PODS_ROOT}/SwiftLint/swiftlint\"\n";
		};
		FEFC87F9F31419D0A173444F /* [CP] Embed Pods Frameworks */ = {
			isa = PBXShellScriptBuildPhase;
			buildActionMask = 2147483647;
			files = (
			);
			inputFileListPaths = (
				"${PODS_ROOT}/Target Support Files/Pods-PeerBucket/Pods-PeerBucket-frameworks-${CONFIGURATION}-input-files.xcfilelist",
			);
			name = "[CP] Embed Pods Frameworks";
			outputFileListPaths = (
				"${PODS_ROOT}/Target Support Files/Pods-PeerBucket/Pods-PeerBucket-frameworks-${CONFIGURATION}-output-files.xcfilelist",
			);
			runOnlyForDeploymentPostprocessing = 0;
			shellPath = /bin/sh;
			shellScript = "\"${PODS_ROOT}/Target Support Files/Pods-PeerBucket/Pods-PeerBucket-frameworks.sh\"\n";
			showEnvVarsInLog = 0;
		};
/* End PBXShellScriptBuildPhase section */

/* Begin PBXSourcesBuildPhase section */
		AC72A0C3285984CB007FC767 /* Sources */ = {
			isa = PBXSourcesBuildPhase;
			buildActionMask = 2147483647;
			files = (
				ACC3D271285ADF7300676F46 /* AddNewBucketViewController.swift in Sources */,
				ACADB721286078B100D7C18E /* LoginViewController.swift in Sources */,
				ACC7D09A28631E54006AC04A /* TabBarController.swift in Sources */,
				AC72A0E328598998007FC767 /* UIViewExtension.swift in Sources */,
				AC72A0F1285991D3007FC767 /* ExploreHeaderView.swift in Sources */,
				AC2C741D2861B297005D1A2D /* ProfileViewController.swift in Sources */,
				AC001481285E0E610098FC4E /* ScheduleDataModal.swift in Sources */,
				AC72A0ED28599135007FC767 /* ExploreCollectionViewCell.swift in Sources */,
				AC00147F285E07F70098FC4E /* ScheduleHeaderView.swift in Sources */,
				AC001475285CDD690098FC4E /* ChallengeUIView.swift in Sources */,
				AC72A0F3285991FC007FC767 /* ChallengeHeaderView.swift in Sources */,
				AC752A8F287334B1006756ED /* WebViewController.swift in Sources */,
				AC72A0EF2859918C007FC767 /* ChallengeCollectionViewCell.swift in Sources */,
				AC72A0CF285984CB007FC767 /* ExploreViewController.swift in Sources */,
				ACADB71C28604C5700D7C18E /* UserDataModal.swift in Sources */,
				AC752A8D287333DB006756ED /* PrivacyViewController.swift in Sources */,
				AC72A0D5285984CB007FC767 /* PeerBucket.xcdatamodeld in Sources */,
				AC72A100285AC20C007FC767 /* BucketListManager.swift in Sources */,
				AC140422286436CF00DD2566 /* AvatarViewController.swift in Sources */,
				ACC3D273285B0EFA00676F46 /* DateHelper.swift in Sources */,
				AC21CEAE285B58DB00157B4D /* UITextFieldExtension.swift in Sources */,
				AC21CEAC285B57EE00157B4D /* UIFontExtension.swift in Sources */,
				AC21CEA7285B2EEB00157B4D /* BucketDetailTableViewCell.swift in Sources */,
				AC001483285E0E770098FC4E /* ScheduleManager.swift in Sources */,
				AC001485285E15910098FC4E /* AddScheduleViewController.swift in Sources */,
				AC72A0FD285A1452007FC767 /* AddToBucketCollectionViewCell.swift in Sources */,
				AC2C74202861B75B005D1A2D /* QRCodeViewController.swift in Sources */,
				AC2C741B286190AD005D1A2D /* InviteViewController.swift in Sources */,
				ACFC8D10286864970055D143 /* UILabelExtension.swift in Sources */,
				ACADB7232860A26D00D7C18E /* UserManager.swift in Sources */,
				AC00147A285DABC10098FC4E /* ScheduleViewController.swift in Sources */,
				AC72A0F92859C03A007FC767 /* ExploreDetailTableViewCell.swift in Sources */,
				ACFBCF6D286D83A10013B21B /* MessageManager.swift in Sources */,
				ACC3D26F285ADED400676F46 /* BucketDetailViewController.swift in Sources */,
				AC72A104285AC389007FC767 /* BucketListViewController.swift in Sources */,
				AC00147C285DC31F0098FC4E /* ScheduleCollectionViewCell.swift in Sources */,
				AC72A106285AC4FD007FC767 /* BucketListCollectionViewCell.swift in Sources */,
				AC001477285DABA40098FC4E /* HomeViewController.swift in Sources */,
				AC72A0F72859B54F007FC767 /* ExploreDetailViewController.swift in Sources */,
				AC14832E286E9E9F003F7AB8 /* ImageDetailViewController.swift in Sources */,
				AC835460285CDBF8001F3767 /* ChallengeViewController.swift in Sources */,
				AC2CBBDE28703840003EF0FA /* UIButtonExtension.swift in Sources */,
				ACADB71028603B9000D7C18E /* ChatViewController.swift in Sources */,
				AC72A0CB285984CB007FC767 /* AppDelegate.swift in Sources */,
				AC72A0F52859AF8B007FC767 /* UIColorExtension.swift in Sources */,
				ACADB71228603FC000D7C18E /* MessageDataModal.swift in Sources */,
				AC72A0FB285A1057007FC767 /* AddToBucketViewController.swift in Sources */,
				AC21CEB0285B5A0100157B4D /* UIViewControllerExtension.swift in Sources */,
				AC72A0CD285984CB007FC767 /* SceneDelegate.swift in Sources */,
				AC72A0E5285989EE007FC767 /* ExploreMockData.swift in Sources */,
				AC72A102285AC2C0007FC767 /* BucketDataModal.swift in Sources */,
			);
			runOnlyForDeploymentPostprocessing = 0;
		};
/* End PBXSourcesBuildPhase section */

/* Begin PBXVariantGroup section */
		AC72A0D0285984CB007FC767 /* Main.storyboard */ = {
			isa = PBXVariantGroup;
			children = (
				AC72A0D1285984CB007FC767 /* Base */,
			);
			name = Main.storyboard;
			sourceTree = "<group>";
		};
		AC72A0D8285984CC007FC767 /* LaunchScreen.storyboard */ = {
			isa = PBXVariantGroup;
			children = (
				AC72A0D9285984CC007FC767 /* Base */,
			);
			name = LaunchScreen.storyboard;
			sourceTree = "<group>";
		};
/* End PBXVariantGroup section */

/* Begin XCBuildConfiguration section */
		AC72A0DC285984CC007FC767 /* Debug */ = {
			isa = XCBuildConfiguration;
			buildSettings = {
				ALWAYS_SEARCH_USER_PATHS = NO;
				CLANG_ANALYZER_NONNULL = YES;
				CLANG_ANALYZER_NUMBER_OBJECT_CONVERSION = YES_AGGRESSIVE;
				CLANG_CXX_LANGUAGE_STANDARD = "gnu++17";
				CLANG_ENABLE_MODULES = YES;
				CLANG_ENABLE_OBJC_ARC = YES;
				CLANG_ENABLE_OBJC_WEAK = YES;
				CLANG_WARN_BLOCK_CAPTURE_AUTORELEASING = YES;
				CLANG_WARN_BOOL_CONVERSION = YES;
				CLANG_WARN_COMMA = YES;
				CLANG_WARN_CONSTANT_CONVERSION = YES;
				CLANG_WARN_DEPRECATED_OBJC_IMPLEMENTATIONS = YES;
				CLANG_WARN_DIRECT_OBJC_ISA_USAGE = YES_ERROR;
				CLANG_WARN_DOCUMENTATION_COMMENTS = YES;
				CLANG_WARN_EMPTY_BODY = YES;
				CLANG_WARN_ENUM_CONVERSION = YES;
				CLANG_WARN_INFINITE_RECURSION = YES;
				CLANG_WARN_INT_CONVERSION = YES;
				CLANG_WARN_NON_LITERAL_NULL_CONVERSION = YES;
				CLANG_WARN_OBJC_IMPLICIT_RETAIN_SELF = YES;
				CLANG_WARN_OBJC_LITERAL_CONVERSION = YES;
				CLANG_WARN_OBJC_ROOT_CLASS = YES_ERROR;
				CLANG_WARN_QUOTED_INCLUDE_IN_FRAMEWORK_HEADER = YES;
				CLANG_WARN_RANGE_LOOP_ANALYSIS = YES;
				CLANG_WARN_STRICT_PROTOTYPES = YES;
				CLANG_WARN_SUSPICIOUS_MOVE = YES;
				CLANG_WARN_UNGUARDED_AVAILABILITY = YES_AGGRESSIVE;
				CLANG_WARN_UNREACHABLE_CODE = YES;
				CLANG_WARN__DUPLICATE_METHOD_MATCH = YES;
				COPY_PHASE_STRIP = NO;
				DEBUG_INFORMATION_FORMAT = dwarf;
				ENABLE_STRICT_OBJC_MSGSEND = YES;
				ENABLE_TESTABILITY = YES;
				GCC_C_LANGUAGE_STANDARD = gnu11;
				GCC_DYNAMIC_NO_PIC = NO;
				GCC_NO_COMMON_BLOCKS = YES;
				GCC_OPTIMIZATION_LEVEL = 0;
				GCC_PREPROCESSOR_DEFINITIONS = (
					"DEBUG=1",
					"$(inherited)",
				);
				GCC_WARN_64_TO_32_BIT_CONVERSION = YES;
				GCC_WARN_ABOUT_RETURN_TYPE = YES_ERROR;
				GCC_WARN_UNDECLARED_SELECTOR = YES;
				GCC_WARN_UNINITIALIZED_AUTOS = YES_AGGRESSIVE;
				GCC_WARN_UNUSED_FUNCTION = YES;
				GCC_WARN_UNUSED_VARIABLE = YES;
				IPHONEOS_DEPLOYMENT_TARGET = 15.0;
				MTL_ENABLE_DEBUG_INFO = INCLUDE_SOURCE;
				MTL_FAST_MATH = YES;
				ONLY_ACTIVE_ARCH = YES;
				SDKROOT = iphoneos;
				SWIFT_ACTIVE_COMPILATION_CONDITIONS = DEBUG;
				SWIFT_OPTIMIZATION_LEVEL = "-Onone";
			};
			name = Debug;
		};
		AC72A0DD285984CC007FC767 /* Release */ = {
			isa = XCBuildConfiguration;
			buildSettings = {
				ALWAYS_SEARCH_USER_PATHS = NO;
				CLANG_ANALYZER_NONNULL = YES;
				CLANG_ANALYZER_NUMBER_OBJECT_CONVERSION = YES_AGGRESSIVE;
				CLANG_CXX_LANGUAGE_STANDARD = "gnu++17";
				CLANG_ENABLE_MODULES = YES;
				CLANG_ENABLE_OBJC_ARC = YES;
				CLANG_ENABLE_OBJC_WEAK = YES;
				CLANG_WARN_BLOCK_CAPTURE_AUTORELEASING = YES;
				CLANG_WARN_BOOL_CONVERSION = YES;
				CLANG_WARN_COMMA = YES;
				CLANG_WARN_CONSTANT_CONVERSION = YES;
				CLANG_WARN_DEPRECATED_OBJC_IMPLEMENTATIONS = YES;
				CLANG_WARN_DIRECT_OBJC_ISA_USAGE = YES_ERROR;
				CLANG_WARN_DOCUMENTATION_COMMENTS = YES;
				CLANG_WARN_EMPTY_BODY = YES;
				CLANG_WARN_ENUM_CONVERSION = YES;
				CLANG_WARN_INFINITE_RECURSION = YES;
				CLANG_WARN_INT_CONVERSION = YES;
				CLANG_WARN_NON_LITERAL_NULL_CONVERSION = YES;
				CLANG_WARN_OBJC_IMPLICIT_RETAIN_SELF = YES;
				CLANG_WARN_OBJC_LITERAL_CONVERSION = YES;
				CLANG_WARN_OBJC_ROOT_CLASS = YES_ERROR;
				CLANG_WARN_QUOTED_INCLUDE_IN_FRAMEWORK_HEADER = YES;
				CLANG_WARN_RANGE_LOOP_ANALYSIS = YES;
				CLANG_WARN_STRICT_PROTOTYPES = YES;
				CLANG_WARN_SUSPICIOUS_MOVE = YES;
				CLANG_WARN_UNGUARDED_AVAILABILITY = YES_AGGRESSIVE;
				CLANG_WARN_UNREACHABLE_CODE = YES;
				CLANG_WARN__DUPLICATE_METHOD_MATCH = YES;
				COPY_PHASE_STRIP = NO;
				DEBUG_INFORMATION_FORMAT = "dwarf-with-dsym";
				ENABLE_NS_ASSERTIONS = NO;
				ENABLE_STRICT_OBJC_MSGSEND = YES;
				GCC_C_LANGUAGE_STANDARD = gnu11;
				GCC_NO_COMMON_BLOCKS = YES;
				GCC_WARN_64_TO_32_BIT_CONVERSION = YES;
				GCC_WARN_ABOUT_RETURN_TYPE = YES_ERROR;
				GCC_WARN_UNDECLARED_SELECTOR = YES;
				GCC_WARN_UNINITIALIZED_AUTOS = YES_AGGRESSIVE;
				GCC_WARN_UNUSED_FUNCTION = YES;
				GCC_WARN_UNUSED_VARIABLE = YES;
				IPHONEOS_DEPLOYMENT_TARGET = 15.0;
				MTL_ENABLE_DEBUG_INFO = NO;
				MTL_FAST_MATH = YES;
				SDKROOT = iphoneos;
				SWIFT_COMPILATION_MODE = wholemodule;
				SWIFT_OPTIMIZATION_LEVEL = "-O";
				VALIDATE_PRODUCT = YES;
			};
			name = Release;
		};
		AC72A0DF285984CC007FC767 /* Debug */ = {
			isa = XCBuildConfiguration;
			baseConfigurationReference = F1B5692D855830D747F29104 /* Pods-PeerBucket.debug.xcconfig */;
			buildSettings = {
				ARCHS = "$(ARCHS_STANDARD)";
				ASSETCATALOG_COMPILER_APPICON_NAME = AppIcon;
				ASSETCATALOG_COMPILER_GLOBAL_ACCENT_COLOR_NAME = AccentColor;
				CODE_SIGN_ENTITLEMENTS = PeerBucket/PeerBucket.entitlements;
				CODE_SIGN_STYLE = Automatic;
				CURRENT_PROJECT_VERSION = 2;
				DEVELOPMENT_TEAM = 92P2C9TPVD;
				GENERATE_INFOPLIST_FILE = YES;
				INFOPLIST_FILE = PeerBucket/Info.plist;
				INFOPLIST_KEY_NSCameraUsageDescription = "Please allow the access to use camera";
				INFOPLIST_KEY_NSPhotoLibraryUsageDescription = "Please allow access to photos";
				INFOPLIST_KEY_UIApplicationSupportsIndirectInputEvents = YES;
				INFOPLIST_KEY_UILaunchStoryboardName = LaunchScreen;
				INFOPLIST_KEY_UIMainStoryboardFile = Main;
				INFOPLIST_KEY_UISupportedInterfaceOrientations = UIInterfaceOrientationPortrait;
				INFOPLIST_KEY_UISupportedInterfaceOrientations_iPad = "UIInterfaceOrientationPortrait UIInterfaceOrientationPortraitUpsideDown UIInterfaceOrientationLandscapeLeft UIInterfaceOrientationLandscapeRight";
				INFOPLIST_KEY_UISupportedInterfaceOrientations_iPhone = "UIInterfaceOrientationPortrait UIInterfaceOrientationLandscapeLeft UIInterfaceOrientationLandscapeRight";
				INFOPLIST_KEY_UIUserInterfaceStyle = Light;
				LD_RUNPATH_SEARCH_PATHS = (
					"$(inherited)",
					"@executable_path/Frameworks",
				);
				MARKETING_VERSION = 1.0.0;
				PRODUCT_BUNDLE_IDENTIFIER = com.doreen.PeerBucket;
				PRODUCT_NAME = "$(TARGET_NAME)";
				SWIFT_EMIT_LOC_STRINGS = YES;
				SWIFT_VERSION = 5.0;
				TARGETED_DEVICE_FAMILY = "1,2";
			};
			name = Debug;
		};
		AC72A0E0285984CC007FC767 /* Release */ = {
			isa = XCBuildConfiguration;
			baseConfigurationReference = 6870EF865073BC240D7C9165 /* Pods-PeerBucket.release.xcconfig */;
			buildSettings = {
				ARCHS = "$(ARCHS_STANDARD)";
				ASSETCATALOG_COMPILER_APPICON_NAME = AppIcon;
				ASSETCATALOG_COMPILER_GLOBAL_ACCENT_COLOR_NAME = AccentColor;
				CODE_SIGN_ENTITLEMENTS = PeerBucket/PeerBucket.entitlements;
				CODE_SIGN_STYLE = Automatic;
				CURRENT_PROJECT_VERSION = 2;
				DEVELOPMENT_TEAM = 92P2C9TPVD;
				GENERATE_INFOPLIST_FILE = YES;
				INFOPLIST_FILE = PeerBucket/Info.plist;
				INFOPLIST_KEY_NSCameraUsageDescription = "Please allow the access to use camera";
				INFOPLIST_KEY_NSPhotoLibraryUsageDescription = "Please allow access to photos";
				INFOPLIST_KEY_UIApplicationSupportsIndirectInputEvents = YES;
				INFOPLIST_KEY_UILaunchStoryboardName = LaunchScreen;
				INFOPLIST_KEY_UIMainStoryboardFile = Main;
				INFOPLIST_KEY_UISupportedInterfaceOrientations = UIInterfaceOrientationPortrait;
				INFOPLIST_KEY_UISupportedInterfaceOrientations_iPad = "UIInterfaceOrientationPortrait UIInterfaceOrientationPortraitUpsideDown UIInterfaceOrientationLandscapeLeft UIInterfaceOrientationLandscapeRight";
				INFOPLIST_KEY_UISupportedInterfaceOrientations_iPhone = "UIInterfaceOrientationPortrait UIInterfaceOrientationLandscapeLeft UIInterfaceOrientationLandscapeRight";
				INFOPLIST_KEY_UIUserInterfaceStyle = Light;
				LD_RUNPATH_SEARCH_PATHS = (
					"$(inherited)",
					"@executable_path/Frameworks",
				);
				MARKETING_VERSION = 1.0.0;
				PRODUCT_BUNDLE_IDENTIFIER = com.doreen.PeerBucket;
				PRODUCT_NAME = "$(TARGET_NAME)";
				SWIFT_EMIT_LOC_STRINGS = YES;
				SWIFT_VERSION = 5.0;
				TARGETED_DEVICE_FAMILY = "1,2";
			};
			name = Release;
		};
/* End XCBuildConfiguration section */

/* Begin XCConfigurationList section */
		AC72A0C2285984CB007FC767 /* Build configuration list for PBXProject "PeerBucket" */ = {
			isa = XCConfigurationList;
			buildConfigurations = (
				AC72A0DC285984CC007FC767 /* Debug */,
				AC72A0DD285984CC007FC767 /* Release */,
			);
			defaultConfigurationIsVisible = 0;
			defaultConfigurationName = Release;
		};
		AC72A0DE285984CC007FC767 /* Build configuration list for PBXNativeTarget "PeerBucket" */ = {
			isa = XCConfigurationList;
			buildConfigurations = (
				AC72A0DF285984CC007FC767 /* Debug */,
				AC72A0E0285984CC007FC767 /* Release */,
			);
			defaultConfigurationIsVisible = 0;
			defaultConfigurationName = Release;
		};
/* End XCConfigurationList section */

/* Begin XCVersionGroup section */
		AC72A0D3285984CB007FC767 /* PeerBucket.xcdatamodeld */ = {
			isa = XCVersionGroup;
			children = (
				AC72A0D4285984CB007FC767 /* PeerBucket.xcdatamodel */,
			);
			currentVersion = AC72A0D4285984CB007FC767 /* PeerBucket.xcdatamodel */;
			path = PeerBucket.xcdatamodeld;
			sourceTree = "<group>";
			versionGroupType = wrapper.xcdatamodel;
		};
/* End XCVersionGroup section */
	};
	rootObject = AC72A0BF285984CB007FC767 /* Project object */;
}
